PODS:
  - PromisesObjC (1.2.2)
  - PromisesSwift (1.2.2):
    - PromisesObjC (= 1.2.2)
  - Reusable (4.0.2):
    - Reusable/Storyboard (= 4.0.2)
    - Reusable/View (= 4.0.2)
  - Reusable/Storyboard (4.0.2)
  - Reusable/View (4.0.2)
  - Swinject (2.4.1)
  - SwinjectStoryboard (2.0.1):
    - Swinject (~> 2.4)
  - TagListView (1.3.1)

DEPENDENCIES:
  - PromisesSwift
  - Reusable
  - SwinjectStoryboard
  - TagListView

SPEC REPOS:
  https://github.com/cocoapods/specs.git:
    - PromisesObjC
    - PromisesSwift
    - Reusable
    - Swinject
    - SwinjectStoryboard
    - TagListView

SPEC CHECKSUMS:
  PromisesObjC: 3db4112f796a05782b4442364748f9126fea0b88
  PromisesSwift: a87c9b5fba61711bce16ac11d8d8bf96fc93fde0
  Reusable: 584a5629747c52e0f6a77841b400dc2643f6fa0f
  Swinject: f7f15a9672e99328c1f07f277091087917215700
  SwinjectStoryboard: ad2529218a1504cc888040ee56c13d7cb1cc7998
  TagListView: 6dafd34a61021c6db72c0c8e3a044054c9854311

PODFILE CHECKSUM: c4b7353b8b374402e91068c5b0873423c4658157

COCOAPODS: 1.5.3
