// !$*UTF8*$!
{
	archiveVersion = 1;
	classes = {
	};
	objectVersion = 48;
	objects = {

/* Begin PBXBuildFile section */
		9901D92B4C3F91783D96F1E6 /* Pods_ITEvents.framework in Frameworks */ = {isa = PBXBuildFile; fileRef = 01648EDF16EDD9EC7EB9596E /* Pods_ITEvents.framework */; };
		C300562C2055AA6B00875CCD /* UserSettings.swift in Sources */ = {isa = PBXBuildFile; fileRef = C30056292055AA6B00875CCD /* UserSettings.swift */; };
		C300562D2055AA6B00875CCD /* EventSource.swift in Sources */ = {isa = PBXBuildFile; fileRef = C300562A2055AA6B00875CCD /* EventSource.swift */; };
		C300562E2055AA6B00875CCD /* Tag.swift in Sources */ = {isa = PBXBuildFile; fileRef = C300562B2055AA6B00875CCD /* Tag.swift */; };
		C30056352055AD0600875CCD /* NSMutableAttributedString.swift in Sources */ = {isa = PBXBuildFile; fileRef = C30056342055AD0600875CCD /* NSMutableAttributedString.swift */; };
		C30056382055AD6600875CCD /* Swinject Storyboard.swift in Sources */ = {isa = PBXBuildFile; fileRef = C30056372055AD6600875CCD /* Swinject Storyboard.swift */; };
		C300563B2055ADEA00875CCD /* SharedUtils.swift in Sources */ = {isa = PBXBuildFile; fileRef = C300563A2055ADEA00875CCD /* SharedUtils.swift */; };
		C318F82A209094A700D4730E /* EventsCollectionViewFooter.swift in Sources */ = {isa = PBXBuildFile; fileRef = C318F829209094A700D4730E /* EventsCollectionViewFooter.swift */; };
		C319FA9E20DC41ED005E56A6 /* SearchParametersService.swift in Sources */ = {isa = PBXBuildFile; fileRef = C319FA9D20DC41ED005E56A6 /* SearchParametersService.swift */; };
		C319FAA020DC44C8005E56A6 /* SearchParametersPresenter.swift in Sources */ = {isa = PBXBuildFile; fileRef = C319FA9F20DC44C8005E56A6 /* SearchParametersPresenter.swift */; };
		C319FAA220DC4696005E56A6 /* ISearchParametersService.swift in Sources */ = {isa = PBXBuildFile; fileRef = C319FAA120DC4696005E56A6 /* ISearchParametersService.swift */; };
		C319FAA420DC498B005E56A6 /* ISearchParametersView.swift in Sources */ = {isa = PBXBuildFile; fileRef = C319FAA320DC498B005E56A6 /* ISearchParametersView.swift */; };
		C319FAA620DC49A5005E56A6 /* ISearchParametersPresenter.swift in Sources */ = {isa = PBXBuildFile; fileRef = C319FAA520DC49A5005E56A6 /* ISearchParametersPresenter.swift */; };
		C327C96E20C1BFD50075A0E3 /* IEventCollectionViewHandler.swift in Sources */ = {isa = PBXBuildFile; fileRef = C327C96D20C1BFD50075A0E3 /* IEventCollectionViewHandler.swift */; };
		C329A992207B768000DF4394 /* Global.swift in Sources */ = {isa = PBXBuildFile; fileRef = C329A991207B768000DF4394 /* Global.swift */; };
		C34758592074F90F009FAA5F /* IFavoriteView.swift in Sources */ = {isa = PBXBuildFile; fileRef = C34758582074F90F009FAA5F /* IFavoriteView.swift */; };
		C34758692074F942009FAA5F /* EventView.swift in Sources */ = {isa = PBXBuildFile; fileRef = C347585A2074F940009FAA5F /* EventView.swift */; };
		C347586A2074F942009FAA5F /* RoundedImageView.swift in Sources */ = {isa = PBXBuildFile; fileRef = C347585B2074F940009FAA5F /* RoundedImageView.swift */; };
		C347586B2074F942009FAA5F /* EventTagsView.swift in Sources */ = {isa = PBXBuildFile; fileRef = C347585C2074F940009FAA5F /* EventTagsView.swift */; };
		C347586C2074F942009FAA5F /* EventView.xib in Resources */ = {isa = PBXBuildFile; fileRef = C347585D2074F941009FAA5F /* EventView.xib */; };
		C347586D2074F942009FAA5F /* EventInfoView.xib in Resources */ = {isa = PBXBuildFile; fileRef = C347585E2074F941009FAA5F /* EventInfoView.xib */; };
		C347586E2074F942009FAA5F /* ShowEventSourceView.swift in Sources */ = {isa = PBXBuildFile; fileRef = C347585F2074F941009FAA5F /* ShowEventSourceView.swift */; };
		C347586F2074F942009FAA5F /* EventDescriptionView.swift in Sources */ = {isa = PBXBuildFile; fileRef = C34758602074F941009FAA5F /* EventDescriptionView.swift */; };
		C34758702074F942009FAA5F /* ShowMoreEventsView.swift in Sources */ = {isa = PBXBuildFile; fileRef = C34758612074F941009FAA5F /* ShowMoreEventsView.swift */; };
		C34758712074F942009FAA5F /* EventDescriptionView.xib in Resources */ = {isa = PBXBuildFile; fileRef = C34758622074F941009FAA5F /* EventDescriptionView.xib */; };
		C34758722074F942009FAA5F /* EventPlaceView.swift in Sources */ = {isa = PBXBuildFile; fileRef = C34758632074F941009FAA5F /* EventPlaceView.swift */; };
		C34758732074F942009FAA5F /* EventInfoView.swift in Sources */ = {isa = PBXBuildFile; fileRef = C34758642074F941009FAA5F /* EventInfoView.swift */; };
		C34758742074F942009FAA5F /* EventPlaceView.xib in Resources */ = {isa = PBXBuildFile; fileRef = C34758652074F941009FAA5F /* EventPlaceView.xib */; };
		C34758752074F942009FAA5F /* EventTagsView.xib in Resources */ = {isa = PBXBuildFile; fileRef = C34758662074F941009FAA5F /* EventTagsView.xib */; };
		C34758762074F942009FAA5F /* ShowMoreEventsView.xib in Resources */ = {isa = PBXBuildFile; fileRef = C34758672074F941009FAA5F /* ShowMoreEventsView.xib */; };
		C34758772074F942009FAA5F /* ShowEventSourceView.xib in Resources */ = {isa = PBXBuildFile; fileRef = C34758682074F942009FAA5F /* ShowEventSourceView.xib */; };
		C34C4F82206B89FD001A61A9 /* ISelectedEventService.swift in Sources */ = {isa = PBXBuildFile; fileRef = C34C4F81206B89FD001A61A9 /* ISelectedEventService.swift */; };
		C34C4F84206B8A51001A61A9 /* SelectedEventService.swift in Sources */ = {isa = PBXBuildFile; fileRef = C34C4F83206B8A51001A61A9 /* SelectedEventService.swift */; };
		C362DD9920472D7B00D301A6 /* IDateFormatterService.swift in Sources */ = {isa = PBXBuildFile; fileRef = C362DD9820472D7B00D301A6 /* IDateFormatterService.swift */; };
		C362DD9B20472D9A00D301A6 /* DateFormatterService.swift in Sources */ = {isa = PBXBuildFile; fileRef = C362DD9A20472D9A00D301A6 /* DateFormatterService.swift */; };
		C362DD9D204733BB00D301A6 /* Podfile in Resources */ = {isa = PBXBuildFile; fileRef = C362DD9C204733BB00D301A6 /* Podfile */; };
		C375E74E209B656A00D089FB /* ListCollectionViewCell.swift in Sources */ = {isa = PBXBuildFile; fileRef = C375E74C209B656A00D089FB /* ListCollectionViewCell.swift */; };
		C375E74F209B656A00D089FB /* ListCollectionViewCell.xib in Resources */ = {isa = PBXBuildFile; fileRef = C375E74D209B656A00D089FB /* ListCollectionViewCell.xib */; };
		C375E752209B67FC00D089FB /* GridCollectionViewCell.swift in Sources */ = {isa = PBXBuildFile; fileRef = C375E750209B67FC00D089FB /* GridCollectionViewCell.swift */; };
		C375E753209B67FC00D089FB /* GridCollectionViewCell.xib in Resources */ = {isa = PBXBuildFile; fileRef = C375E751209B67FC00D089FB /* GridCollectionViewCell.xib */; };
		C3764B73202100AA0024CFA7 /* UIGradientImageView.swift in Sources */ = {isa = PBXBuildFile; fileRef = C3764B72202100AA0024CFA7 /* UIGradientImageView.swift */; };
		C389283F20E2C2A900B0BF4A /* EventsResult.swift in Sources */ = {isa = PBXBuildFile; fileRef = C389283E20E2C2A900B0BF4A /* EventsResult.swift */; };
		C391908C201E59D100CD7151 /* Event.swift in Sources */ = {isa = PBXBuildFile; fileRef = C391908B201E59D100CD7151 /* Event.swift */; };
		C3919090201E604600CD7151 /* FavoritePresenter.swift in Sources */ = {isa = PBXBuildFile; fileRef = C391908F201E604600CD7151 /* FavoritePresenter.swift */; };
		C3919093201E608A00CD7151 /* SearchViewController.swift in Sources */ = {isa = PBXBuildFile; fileRef = C3919092201E608A00CD7151 /* SearchViewController.swift */; };
		C3919097201E62B900CD7151 /* IFavoritePresenter.swift in Sources */ = {isa = PBXBuildFile; fileRef = C3919096201E62B900CD7151 /* IFavoritePresenter.swift */; };
		C3919099201E62C800CD7151 /* SearchPresenter.swift in Sources */ = {isa = PBXBuildFile; fileRef = C3919098201E62C800CD7151 /* SearchPresenter.swift */; };
		C391909B201E62D600CD7151 /* ISearchView.swift in Sources */ = {isa = PBXBuildFile; fileRef = C391909A201E62D600CD7151 /* ISearchView.swift */; };
		C391909D201E62E300CD7151 /* ISearchPresenter.swift in Sources */ = {isa = PBXBuildFile; fileRef = C391909C201E62E300CD7151 /* ISearchPresenter.swift */; };
		C39190A2201E632700CD7151 /* ProfileViewController.swift in Sources */ = {isa = PBXBuildFile; fileRef = C39190A1201E632700CD7151 /* ProfileViewController.swift */; };
		C39190A4201E633500CD7151 /* ProfilePresenter.swift in Sources */ = {isa = PBXBuildFile; fileRef = C39190A3201E633500CD7151 /* ProfilePresenter.swift */; };
		C39190A6201E634200CD7151 /* IProfileViewController.swift in Sources */ = {isa = PBXBuildFile; fileRef = C39190A5201E634200CD7151 /* IProfileViewController.swift */; };
		C39190A8201E634F00CD7151 /* IProfilePresenter.swift in Sources */ = {isa = PBXBuildFile; fileRef = C39190A7201E634F00CD7151 /* IProfilePresenter.swift */; };
		C39190AB201E637600CD7151 /* FullEventViewController.swift in Sources */ = {isa = PBXBuildFile; fileRef = C39190AA201E637600CD7151 /* FullEventViewController.swift */; };
		C39190AD201E638700CD7151 /* FullEventPresenter.swift in Sources */ = {isa = PBXBuildFile; fileRef = C39190AC201E638700CD7151 /* FullEventPresenter.swift */; };
		C39190B1201E63C500CD7151 /* IFullEventPresenter.swift in Sources */ = {isa = PBXBuildFile; fileRef = C39190B0201E63C500CD7151 /* IFullEventPresenter.swift */; };
		C39190B5201E6B2C00CD7151 /* IEventCollectionViewCell.swift in Sources */ = {isa = PBXBuildFile; fileRef = C39190B4201E6B2C00CD7151 /* IEventCollectionViewCell.swift */; };
		C3B88298201A22520031F261 /* AppDelegate.swift in Sources */ = {isa = PBXBuildFile; fileRef = C3B88297201A22520031F261 /* AppDelegate.swift */; };
		C3B8829A201A22520031F261 /* FavoritesViewController.swift in Sources */ = {isa = PBXBuildFile; fileRef = C3B88299201A22520031F261 /* FavoritesViewController.swift */; };
		C3B8829D201A22520031F261 /* Main.storyboard in Resources */ = {isa = PBXBuildFile; fileRef = C3B8829B201A22520031F261 /* Main.storyboard */; };
		C3B8829F201A22520031F261 /* Assets.xcassets in Resources */ = {isa = PBXBuildFile; fileRef = C3B8829E201A22520031F261 /* Assets.xcassets */; };
		C3B882A2201A22520031F261 /* LaunchScreen.storyboard in Resources */ = {isa = PBXBuildFile; fileRef = C3B882A0201A22520031F261 /* LaunchScreen.storyboard */; };
		C3B882C7201A5D5C0031F261 /* .swiftlint.yml in Resources */ = {isa = PBXBuildFile; fileRef = C3B882C6201A5D5C0031F261 /* .swiftlint.yml */; };
		C3C6050E20BA021E00606B30 /* IEventsStorage.swift in Sources */ = {isa = PBXBuildFile; fileRef = C3C6050820BA021D00606B30 /* IEventsStorage.swift */; };
		C3C6050F20BA021E00606B30 /* ISimilarEventsStorage.swift in Sources */ = {isa = PBXBuildFile; fileRef = C3C6050920BA021D00606B30 /* ISimilarEventsStorage.swift */; };
		C3C6051020BA021E00606B30 /* IEventTagsStorage.swift in Sources */ = {isa = PBXBuildFile; fileRef = C3C6050A20BA021E00606B30 /* IEventTagsStorage.swift */; };
		C3C6051120BA021E00606B30 /* EventsStorageMockImpl.swift in Sources */ = {isa = PBXBuildFile; fileRef = C3C6050B20BA021E00606B30 /* EventsStorageMockImpl.swift */; };
		C3C6051220BA021E00606B30 /* SimilarEventsStorageMockImpl.swift in Sources */ = {isa = PBXBuildFile; fileRef = C3C6050C20BA021E00606B30 /* SimilarEventsStorageMockImpl.swift */; };
		C3C6051320BA021E00606B30 /* EventTagsStorageMockImpl.swift in Sources */ = {isa = PBXBuildFile; fileRef = C3C6050D20BA021E00606B30 /* EventTagsStorageMockImpl.swift */; };
		C3C6051520BAC04400606B30 /* Cancelable.swift in Sources */ = {isa = PBXBuildFile; fileRef = C3C6051420BAC04400606B30 /* Cancelable.swift */; };
		C3C6051720BC8B5E00606B30 /* EventCollectionViewHandler.swift in Sources */ = {isa = PBXBuildFile; fileRef = C3C6051620BC8B5E00606B30 /* EventCollectionViewHandler.swift */; };
		C3CCECF920CB057B00D2E133 /* SearchParametersViewController.swift in Sources */ = {isa = PBXBuildFile; fileRef = C3CCECF820CB057B00D2E133 /* SearchParametersViewController.swift */; };
		C3D547642078104A009ABC73 /* IFullEventView.swift in Sources */ = {isa = PBXBuildFile; fileRef = C3D547632078104A009ABC73 /* IFullEventView.swift */; };
		C3D547662078208F009ABC73 /* EventViewModel.swift in Sources */ = {isa = PBXBuildFile; fileRef = C3D547652078208F009ABC73 /* EventViewModel.swift */; };
		C3DBDFA820726BAB002A35EB /* IUserSettingService.swift in Sources */ = {isa = PBXBuildFile; fileRef = C3DBDFA720726BAB002A35EB /* IUserSettingService.swift */; };
		C3DC022320E4EE69005C4418 /* NotificationService.swift in Sources */ = {isa = PBXBuildFile; fileRef = C3DC022220E4EE69005C4418 /* NotificationService.swift */; };
		C3DC022520E4EE77005C4418 /* INotificationService.swift in Sources */ = {isa = PBXBuildFile; fileRef = C3DC022420E4EE77005C4418 /* INotificationService.swift */; };
		C3FFF10A20726CEB00ADF407 /* UserSettingsModel.xcdatamodeld in Sources */ = {isa = PBXBuildFile; fileRef = C3FFF10820726CEB00ADF407 /* UserSettingsModel.xcdatamodeld */; };
		C3FFF10C20737DCE00ADF407 /* UserSettingsService.swift in Sources */ = {isa = PBXBuildFile; fileRef = C3FFF10B20737DCE00ADF407 /* UserSettingsService.swift */; };
/* End PBXBuildFile section */

/* Begin PBXFileReference section */
		01648EDF16EDD9EC7EB9596E /* Pods_ITEvents.framework */ = {isa = PBXFileReference; explicitFileType = wrapper.framework; includeInIndex = 0; path = Pods_ITEvents.framework; sourceTree = BUILT_PRODUCTS_DIR; };
		09058408E21C7D56F3F1A534 /* Pods-ITEvents.debug.xcconfig */ = {isa = PBXFileReference; includeInIndex = 1; lastKnownFileType = text.xcconfig; name = "Pods-ITEvents.debug.xcconfig"; path = "Pods/Target Support Files/Pods-ITEvents/Pods-ITEvents.debug.xcconfig"; sourceTree = "<group>"; };
		0CBFD89C81FCC879B485DC5E /* Pods-ITEvents.release.xcconfig */ = {isa = PBXFileReference; includeInIndex = 1; lastKnownFileType = text.xcconfig; name = "Pods-ITEvents.release.xcconfig"; path = "Pods/Target Support Files/Pods-ITEvents/Pods-ITEvents.release.xcconfig"; sourceTree = "<group>"; };
		C30056292055AA6B00875CCD /* UserSettings.swift */ = {isa = PBXFileReference; fileEncoding = 4; lastKnownFileType = sourcecode.swift; path = UserSettings.swift; sourceTree = "<group>"; };
		C300562A2055AA6B00875CCD /* EventSource.swift */ = {isa = PBXFileReference; fileEncoding = 4; lastKnownFileType = sourcecode.swift; path = EventSource.swift; sourceTree = "<group>"; };
		C300562B2055AA6B00875CCD /* Tag.swift */ = {isa = PBXFileReference; fileEncoding = 4; lastKnownFileType = sourcecode.swift; path = Tag.swift; sourceTree = "<group>"; };
		C30056342055AD0600875CCD /* NSMutableAttributedString.swift */ = {isa = PBXFileReference; fileEncoding = 4; lastKnownFileType = sourcecode.swift; path = NSMutableAttributedString.swift; sourceTree = "<group>"; };
		C30056372055AD6600875CCD /* Swinject Storyboard.swift */ = {isa = PBXFileReference; fileEncoding = 4; lastKnownFileType = sourcecode.swift; path = "Swinject Storyboard.swift"; sourceTree = "<group>"; };
		C300563A2055ADEA00875CCD /* SharedUtils.swift */ = {isa = PBXFileReference; fileEncoding = 4; lastKnownFileType = sourcecode.swift; path = SharedUtils.swift; sourceTree = "<group>"; };
		C318F829209094A700D4730E /* EventsCollectionViewFooter.swift */ = {isa = PBXFileReference; lastKnownFileType = sourcecode.swift; path = EventsCollectionViewFooter.swift; sourceTree = "<group>"; };
		C319FA9D20DC41ED005E56A6 /* SearchParametersService.swift */ = {isa = PBXFileReference; lastKnownFileType = sourcecode.swift; path = SearchParametersService.swift; sourceTree = "<group>"; };
		C319FA9F20DC44C8005E56A6 /* SearchParametersPresenter.swift */ = {isa = PBXFileReference; lastKnownFileType = sourcecode.swift; path = SearchParametersPresenter.swift; sourceTree = "<group>"; };
		C319FAA120DC4696005E56A6 /* ISearchParametersService.swift */ = {isa = PBXFileReference; lastKnownFileType = sourcecode.swift; path = ISearchParametersService.swift; sourceTree = "<group>"; };
		C319FAA320DC498B005E56A6 /* ISearchParametersView.swift */ = {isa = PBXFileReference; lastKnownFileType = sourcecode.swift; path = ISearchParametersView.swift; sourceTree = "<group>"; };
		C319FAA520DC49A5005E56A6 /* ISearchParametersPresenter.swift */ = {isa = PBXFileReference; lastKnownFileType = sourcecode.swift; path = ISearchParametersPresenter.swift; sourceTree = "<group>"; };
		C327C96D20C1BFD50075A0E3 /* IEventCollectionViewHandler.swift */ = {isa = PBXFileReference; lastKnownFileType = sourcecode.swift; path = IEventCollectionViewHandler.swift; sourceTree = "<group>"; };
		C329A991207B768000DF4394 /* Global.swift */ = {isa = PBXFileReference; lastKnownFileType = sourcecode.swift; path = Global.swift; sourceTree = "<group>"; };
		C34758582074F90F009FAA5F /* IFavoriteView.swift */ = {isa = PBXFileReference; fileEncoding = 4; lastKnownFileType = sourcecode.swift; path = IFavoriteView.swift; sourceTree = "<group>"; };
		C347585A2074F940009FAA5F /* EventView.swift */ = {isa = PBXFileReference; fileEncoding = 4; lastKnownFileType = sourcecode.swift; path = EventView.swift; sourceTree = "<group>"; };
		C347585B2074F940009FAA5F /* RoundedImageView.swift */ = {isa = PBXFileReference; fileEncoding = 4; lastKnownFileType = sourcecode.swift; path = RoundedImageView.swift; sourceTree = "<group>"; };
		C347585C2074F940009FAA5F /* EventTagsView.swift */ = {isa = PBXFileReference; fileEncoding = 4; lastKnownFileType = sourcecode.swift; path = EventTagsView.swift; sourceTree = "<group>"; };
		C347585D2074F941009FAA5F /* EventView.xib */ = {isa = PBXFileReference; fileEncoding = 4; lastKnownFileType = file.xib; path = EventView.xib; sourceTree = "<group>"; };
		C347585E2074F941009FAA5F /* EventInfoView.xib */ = {isa = PBXFileReference; fileEncoding = 4; lastKnownFileType = file.xib; path = EventInfoView.xib; sourceTree = "<group>"; };
		C347585F2074F941009FAA5F /* ShowEventSourceView.swift */ = {isa = PBXFileReference; fileEncoding = 4; lastKnownFileType = sourcecode.swift; path = ShowEventSourceView.swift; sourceTree = "<group>"; };
		C34758602074F941009FAA5F /* EventDescriptionView.swift */ = {isa = PBXFileReference; fileEncoding = 4; lastKnownFileType = sourcecode.swift; path = EventDescriptionView.swift; sourceTree = "<group>"; };
		C34758612074F941009FAA5F /* ShowMoreEventsView.swift */ = {isa = PBXFileReference; fileEncoding = 4; lastKnownFileType = sourcecode.swift; path = ShowMoreEventsView.swift; sourceTree = "<group>"; };
		C34758622074F941009FAA5F /* EventDescriptionView.xib */ = {isa = PBXFileReference; fileEncoding = 4; lastKnownFileType = file.xib; path = EventDescriptionView.xib; sourceTree = "<group>"; };
		C34758632074F941009FAA5F /* EventPlaceView.swift */ = {isa = PBXFileReference; fileEncoding = 4; lastKnownFileType = sourcecode.swift; path = EventPlaceView.swift; sourceTree = "<group>"; };
		C34758642074F941009FAA5F /* EventInfoView.swift */ = {isa = PBXFileReference; fileEncoding = 4; lastKnownFileType = sourcecode.swift; path = EventInfoView.swift; sourceTree = "<group>"; };
		C34758652074F941009FAA5F /* EventPlaceView.xib */ = {isa = PBXFileReference; fileEncoding = 4; lastKnownFileType = file.xib; path = EventPlaceView.xib; sourceTree = "<group>"; };
		C34758662074F941009FAA5F /* EventTagsView.xib */ = {isa = PBXFileReference; fileEncoding = 4; lastKnownFileType = file.xib; path = EventTagsView.xib; sourceTree = "<group>"; };
		C34758672074F941009FAA5F /* ShowMoreEventsView.xib */ = {isa = PBXFileReference; fileEncoding = 4; lastKnownFileType = file.xib; path = ShowMoreEventsView.xib; sourceTree = "<group>"; };
		C34758682074F942009FAA5F /* ShowEventSourceView.xib */ = {isa = PBXFileReference; fileEncoding = 4; lastKnownFileType = file.xib; path = ShowEventSourceView.xib; sourceTree = "<group>"; };
		C34C4F81206B89FD001A61A9 /* ISelectedEventService.swift */ = {isa = PBXFileReference; lastKnownFileType = sourcecode.swift; path = ISelectedEventService.swift; sourceTree = "<group>"; };
		C34C4F83206B8A51001A61A9 /* SelectedEventService.swift */ = {isa = PBXFileReference; lastKnownFileType = sourcecode.swift; path = SelectedEventService.swift; sourceTree = "<group>"; };
		C362DD9820472D7B00D301A6 /* IDateFormatterService.swift */ = {isa = PBXFileReference; lastKnownFileType = sourcecode.swift; path = IDateFormatterService.swift; sourceTree = "<group>"; };
		C362DD9A20472D9A00D301A6 /* DateFormatterService.swift */ = {isa = PBXFileReference; lastKnownFileType = sourcecode.swift; path = DateFormatterService.swift; sourceTree = "<group>"; };
		C362DD9C204733BB00D301A6 /* Podfile */ = {isa = PBXFileReference; fileEncoding = 4; lastKnownFileType = text; path = Podfile; sourceTree = SOURCE_ROOT; xcLanguageSpecificationIdentifier = xcode.lang.ruby; };
		C375E74C209B656A00D089FB /* ListCollectionViewCell.swift */ = {isa = PBXFileReference; lastKnownFileType = sourcecode.swift; path = ListCollectionViewCell.swift; sourceTree = "<group>"; };
		C375E74D209B656A00D089FB /* ListCollectionViewCell.xib */ = {isa = PBXFileReference; lastKnownFileType = file.xib; path = ListCollectionViewCell.xib; sourceTree = "<group>"; };
		C375E750209B67FC00D089FB /* GridCollectionViewCell.swift */ = {isa = PBXFileReference; lastKnownFileType = sourcecode.swift; path = GridCollectionViewCell.swift; sourceTree = "<group>"; };
		C375E751209B67FC00D089FB /* GridCollectionViewCell.xib */ = {isa = PBXFileReference; lastKnownFileType = file.xib; path = GridCollectionViewCell.xib; sourceTree = "<group>"; };
		C3764B72202100AA0024CFA7 /* UIGradientImageView.swift */ = {isa = PBXFileReference; lastKnownFileType = sourcecode.swift; path = UIGradientImageView.swift; sourceTree = "<group>"; };
		C389283E20E2C2A900B0BF4A /* EventsResult.swift */ = {isa = PBXFileReference; lastKnownFileType = sourcecode.swift; path = EventsResult.swift; sourceTree = "<group>"; };
		C391908B201E59D100CD7151 /* Event.swift */ = {isa = PBXFileReference; lastKnownFileType = sourcecode.swift; path = Event.swift; sourceTree = "<group>"; };
		C391908F201E604600CD7151 /* FavoritePresenter.swift */ = {isa = PBXFileReference; lastKnownFileType = sourcecode.swift; path = FavoritePresenter.swift; sourceTree = "<group>"; };
		C3919092201E608A00CD7151 /* SearchViewController.swift */ = {isa = PBXFileReference; lastKnownFileType = sourcecode.swift; path = SearchViewController.swift; sourceTree = "<group>"; };
		C3919096201E62B900CD7151 /* IFavoritePresenter.swift */ = {isa = PBXFileReference; lastKnownFileType = sourcecode.swift; path = IFavoritePresenter.swift; sourceTree = "<group>"; };
		C3919098201E62C800CD7151 /* SearchPresenter.swift */ = {isa = PBXFileReference; lastKnownFileType = sourcecode.swift; path = SearchPresenter.swift; sourceTree = "<group>"; };
		C391909A201E62D600CD7151 /* ISearchView.swift */ = {isa = PBXFileReference; lastKnownFileType = sourcecode.swift; path = ISearchView.swift; sourceTree = "<group>"; };
		C391909C201E62E300CD7151 /* ISearchPresenter.swift */ = {isa = PBXFileReference; lastKnownFileType = sourcecode.swift; path = ISearchPresenter.swift; sourceTree = "<group>"; };
		C39190A1201E632700CD7151 /* ProfileViewController.swift */ = {isa = PBXFileReference; lastKnownFileType = sourcecode.swift; path = ProfileViewController.swift; sourceTree = "<group>"; };
		C39190A3201E633500CD7151 /* ProfilePresenter.swift */ = {isa = PBXFileReference; lastKnownFileType = sourcecode.swift; path = ProfilePresenter.swift; sourceTree = "<group>"; };
		C39190A5201E634200CD7151 /* IProfileViewController.swift */ = {isa = PBXFileReference; lastKnownFileType = sourcecode.swift; path = IProfileViewController.swift; sourceTree = "<group>"; };
		C39190A7201E634F00CD7151 /* IProfilePresenter.swift */ = {isa = PBXFileReference; lastKnownFileType = sourcecode.swift; path = IProfilePresenter.swift; sourceTree = "<group>"; };
		C39190AA201E637600CD7151 /* FullEventViewController.swift */ = {isa = PBXFileReference; lastKnownFileType = sourcecode.swift; path = FullEventViewController.swift; sourceTree = "<group>"; };
		C39190AC201E638700CD7151 /* FullEventPresenter.swift */ = {isa = PBXFileReference; lastKnownFileType = sourcecode.swift; path = FullEventPresenter.swift; sourceTree = "<group>"; };
		C39190B0201E63C500CD7151 /* IFullEventPresenter.swift */ = {isa = PBXFileReference; lastKnownFileType = sourcecode.swift; path = IFullEventPresenter.swift; sourceTree = "<group>"; };
		C39190B4201E6B2C00CD7151 /* IEventCollectionViewCell.swift */ = {isa = PBXFileReference; lastKnownFileType = sourcecode.swift; path = IEventCollectionViewCell.swift; sourceTree = "<group>"; };
		C3A30CAC201BDEB90041D549 /* ITEvents.app */ = {isa = PBXFileReference; explicitFileType = wrapper.application; includeInIndex = 0; path = ITEvents.app; sourceTree = BUILT_PRODUCTS_DIR; };
		C3B88297201A22520031F261 /* AppDelegate.swift */ = {isa = PBXFileReference; lastKnownFileType = sourcecode.swift; path = AppDelegate.swift; sourceTree = "<group>"; };
		C3B88299201A22520031F261 /* FavoritesViewController.swift */ = {isa = PBXFileReference; lastKnownFileType = sourcecode.swift; path = FavoritesViewController.swift; sourceTree = "<group>"; };
		C3B8829C201A22520031F261 /* Base */ = {isa = PBXFileReference; lastKnownFileType = file.storyboard; name = Base; path = Base.lproj/Main.storyboard; sourceTree = "<group>"; };
		C3B8829E201A22520031F261 /* Assets.xcassets */ = {isa = PBXFileReference; lastKnownFileType = folder.assetcatalog; path = Assets.xcassets; sourceTree = "<group>"; };
		C3B882A1201A22520031F261 /* Base */ = {isa = PBXFileReference; lastKnownFileType = file.storyboard; name = Base; path = Base.lproj/LaunchScreen.storyboard; sourceTree = "<group>"; };
		C3B882A3201A22520031F261 /* Info.plist */ = {isa = PBXFileReference; lastKnownFileType = text.plist.xml; path = Info.plist; sourceTree = "<group>"; };
		C3B882AC201A22520031F261 /* ITEventsTests.swift */ = {isa = PBXFileReference; lastKnownFileType = sourcecode.swift; path = ITEventsTests.swift; sourceTree = "<group>"; };
		C3B882AE201A22520031F261 /* Info.plist */ = {isa = PBXFileReference; lastKnownFileType = text.plist.xml; path = Info.plist; sourceTree = "<group>"; };
		C3B882B7201A22520031F261 /* ITEventsUITests.swift */ = {isa = PBXFileReference; lastKnownFileType = sourcecode.swift; path = ITEventsUITests.swift; sourceTree = "<group>"; };
		C3B882B9201A22520031F261 /* Info.plist */ = {isa = PBXFileReference; lastKnownFileType = text.plist.xml; path = Info.plist; sourceTree = "<group>"; };
		C3B882C6201A5D5C0031F261 /* .swiftlint.yml */ = {isa = PBXFileReference; lastKnownFileType = text; path = .swiftlint.yml; sourceTree = "<group>"; };
		C3C6050820BA021D00606B30 /* IEventsStorage.swift */ = {isa = PBXFileReference; fileEncoding = 4; lastKnownFileType = sourcecode.swift; path = IEventsStorage.swift; sourceTree = "<group>"; };
		C3C6050920BA021D00606B30 /* ISimilarEventsStorage.swift */ = {isa = PBXFileReference; fileEncoding = 4; lastKnownFileType = sourcecode.swift; path = ISimilarEventsStorage.swift; sourceTree = "<group>"; };
		C3C6050A20BA021E00606B30 /* IEventTagsStorage.swift */ = {isa = PBXFileReference; fileEncoding = 4; lastKnownFileType = sourcecode.swift; path = IEventTagsStorage.swift; sourceTree = "<group>"; };
		C3C6050B20BA021E00606B30 /* EventsStorageMockImpl.swift */ = {isa = PBXFileReference; fileEncoding = 4; lastKnownFileType = sourcecode.swift; path = EventsStorageMockImpl.swift; sourceTree = "<group>"; };
		C3C6050C20BA021E00606B30 /* SimilarEventsStorageMockImpl.swift */ = {isa = PBXFileReference; fileEncoding = 4; lastKnownFileType = sourcecode.swift; path = SimilarEventsStorageMockImpl.swift; sourceTree = "<group>"; };
		C3C6050D20BA021E00606B30 /* EventTagsStorageMockImpl.swift */ = {isa = PBXFileReference; fileEncoding = 4; lastKnownFileType = sourcecode.swift; path = EventTagsStorageMockImpl.swift; sourceTree = "<group>"; };
		C3C6051420BAC04400606B30 /* Cancelable.swift */ = {isa = PBXFileReference; lastKnownFileType = sourcecode.swift; path = Cancelable.swift; sourceTree = "<group>"; };
		C3C6051620BC8B5E00606B30 /* EventCollectionViewHandler.swift */ = {isa = PBXFileReference; lastKnownFileType = sourcecode.swift; path = EventCollectionViewHandler.swift; sourceTree = "<group>"; };
		C3CCECF820CB057B00D2E133 /* SearchParametersViewController.swift */ = {isa = PBXFileReference; lastKnownFileType = sourcecode.swift; path = SearchParametersViewController.swift; sourceTree = "<group>"; };
		C3D547632078104A009ABC73 /* IFullEventView.swift */ = {isa = PBXFileReference; fileEncoding = 4; lastKnownFileType = sourcecode.swift; path = IFullEventView.swift; sourceTree = "<group>"; };
		C3D547652078208F009ABC73 /* EventViewModel.swift */ = {isa = PBXFileReference; lastKnownFileType = sourcecode.swift; path = EventViewModel.swift; sourceTree = "<group>"; };
		C3DBDFA720726BAB002A35EB /* IUserSettingService.swift */ = {isa = PBXFileReference; lastKnownFileType = sourcecode.swift; path = IUserSettingService.swift; sourceTree = "<group>"; };
		C3DC022220E4EE69005C4418 /* NotificationService.swift */ = {isa = PBXFileReference; lastKnownFileType = sourcecode.swift; path = NotificationService.swift; sourceTree = "<group>"; };
		C3DC022420E4EE77005C4418 /* INotificationService.swift */ = {isa = PBXFileReference; lastKnownFileType = sourcecode.swift; path = INotificationService.swift; sourceTree = "<group>"; };
		C3FFF10920726CEB00ADF407 /* UserSettingsModel.xcdatamodel */ = {isa = PBXFileReference; lastKnownFileType = wrapper.xcdatamodel; path = UserSettingsModel.xcdatamodel; sourceTree = "<group>"; };
		C3FFF10B20737DCE00ADF407 /* UserSettingsService.swift */ = {isa = PBXFileReference; fileEncoding = 4; lastKnownFileType = sourcecode.swift; path = UserSettingsService.swift; sourceTree = "<group>"; };
/* End PBXFileReference section */

/* Begin PBXFrameworksBuildPhase section */
		C3B88291201A22510031F261 /* Frameworks */ = {
			isa = PBXFrameworksBuildPhase;
			buildActionMask = 2147483647;
			files = (
				9901D92B4C3F91783D96F1E6 /* Pods_ITEvents.framework in Frameworks */,
			);
			runOnlyForDeploymentPostprocessing = 0;
		};
/* End PBXFrameworksBuildPhase section */

/* Begin PBXGroup section */
		4B657F909494C1105F7D5DB5 /* Pods */ = {
			isa = PBXGroup;
			children = (
				09058408E21C7D56F3F1A534 /* Pods-ITEvents.debug.xcconfig */,
				0CBFD89C81FCC879B485DC5E /* Pods-ITEvents.release.xcconfig */,
			);
			name = Pods;
			sourceTree = "<group>";
		};
		C30056332055ACE600875CCD /* Extensions */ = {
			isa = PBXGroup;
			children = (
				C30056342055AD0600875CCD /* NSMutableAttributedString.swift */,
				C329A991207B768000DF4394 /* Global.swift */,
			);
			path = Extensions;
			sourceTree = "<group>";
		};
		C30056362055AD4300875CCD /* DI Container */ = {
			isa = PBXGroup;
			children = (
				C30056372055AD6600875CCD /* Swinject Storyboard.swift */,
			);
			path = "DI Container";
			sourceTree = "<group>";
		};
		C30056392055AD9100875CCD /* Utilities */ = {
			isa = PBXGroup;
			children = (
				C300563A2055ADEA00875CCD /* SharedUtils.swift */,
			);
			path = Utilities;
			sourceTree = "<group>";
		};
		C34758382074F8DA009FAA5F /* Views */ = {
			isa = PBXGroup;
			children = (
				C34758392074F8E0009FAA5F /* Event view */,
			);
			path = Views;
			sourceTree = "<group>";
		};
		C34758392074F8E0009FAA5F /* Event view */ = {
			isa = PBXGroup;
			children = (
				C34758602074F941009FAA5F /* EventDescriptionView.swift */,
				C34758622074F941009FAA5F /* EventDescriptionView.xib */,
				C34758642074F941009FAA5F /* EventInfoView.swift */,
				C347585E2074F941009FAA5F /* EventInfoView.xib */,
				C34758632074F941009FAA5F /* EventPlaceView.swift */,
				C34758652074F941009FAA5F /* EventPlaceView.xib */,
				C347585C2074F940009FAA5F /* EventTagsView.swift */,
				C34758662074F941009FAA5F /* EventTagsView.xib */,
				C347585A2074F940009FAA5F /* EventView.swift */,
				C3D547652078208F009ABC73 /* EventViewModel.swift */,
				C347585D2074F941009FAA5F /* EventView.xib */,
				C347585B2074F940009FAA5F /* RoundedImageView.swift */,
				C347585F2074F941009FAA5F /* ShowEventSourceView.swift */,
				C34758682074F942009FAA5F /* ShowEventSourceView.xib */,
				C34758612074F941009FAA5F /* ShowMoreEventsView.swift */,
				C34758672074F941009FAA5F /* ShowMoreEventsView.xib */,
			);
			path = "Event view";
			sourceTree = "<group>";
		};
		C389284020E2D50D00B0BF4A /* Storages */ = {
			isa = PBXGroup;
			children = (
				C3C6050820BA021D00606B30 /* IEventsStorage.swift */,
				C3C6050B20BA021E00606B30 /* EventsStorageMockImpl.swift */,
				C3C6050A20BA021E00606B30 /* IEventTagsStorage.swift */,
				C3C6050D20BA021E00606B30 /* EventTagsStorageMockImpl.swift */,
				C3C6050920BA021D00606B30 /* ISimilarEventsStorage.swift */,
				C3C6050C20BA021E00606B30 /* SimilarEventsStorageMockImpl.swift */,
			);
			path = Storages;
			sourceTree = "<group>";
		};
		C3919088201E597D00CD7151 /* Supporting files */ = {
			isa = PBXGroup;
			children = (
				C3B88297201A22520031F261 /* AppDelegate.swift */,
				C3B8829E201A22520031F261 /* Assets.xcassets */,
				C3B882A3201A22520031F261 /* Info.plist */,
			);
			path = "Supporting files";
			sourceTree = "<group>";
		};
		C3919089201E599000CD7151 /* Storyboards */ = {
			isa = PBXGroup;
			children = (
				C3B8829B201A22520031F261 /* Main.storyboard */,
				C3B882A0201A22520031F261 /* LaunchScreen.storyboard */,
			);
			path = Storyboards;
			sourceTree = "<group>";
		};
		C391908A201E59BD00CD7151 /* Model */ = {
			isa = PBXGroup;
			children = (
				C300562A2055AA6B00875CCD /* EventSource.swift */,
				C300562B2055AA6B00875CCD /* Tag.swift */,
				C30056292055AA6B00875CCD /* UserSettings.swift */,
				C391908B201E59D100CD7151 /* Event.swift */,
				C3C6051420BAC04400606B30 /* Cancelable.swift */,
				C389283E20E2C2A900B0BF4A /* EventsResult.swift */,
			);
			path = Model;
			sourceTree = "<group>";
		};
		C391908D201E5EF800CD7151 /* Shared collection view elements */ = {
			isa = PBXGroup;
			children = (
				C3764B72202100AA0024CFA7 /* UIGradientImageView.swift */,
				C318F829209094A700D4730E /* EventsCollectionViewFooter.swift */,
				C39190B4201E6B2C00CD7151 /* IEventCollectionViewCell.swift */,
				C375E74C209B656A00D089FB /* ListCollectionViewCell.swift */,
				C375E74D209B656A00D089FB /* ListCollectionViewCell.xib */,
				C375E750209B67FC00D089FB /* GridCollectionViewCell.swift */,
				C375E751209B67FC00D089FB /* GridCollectionViewCell.xib */,
			);
			path = "Shared collection view elements";
			sourceTree = "<group>";
		};
		C391908E201E5F0B00CD7151 /* Favorive tab */ = {
			isa = PBXGroup;
			children = (
				C3B88299201A22520031F261 /* FavoritesViewController.swift */,
				C391908F201E604600CD7151 /* FavoritePresenter.swift */,
				C34758582074F90F009FAA5F /* IFavoriteView.swift */,
				C3919096201E62B900CD7151 /* IFavoritePresenter.swift */,
			);
			path = "Favorive tab";
			sourceTree = "<group>";
		};
		C3919091201E605E00CD7151 /* Search tab */ = {
			isa = PBXGroup;
			children = (
				C3919092201E608A00CD7151 /* SearchViewController.swift */,
				C3919098201E62C800CD7151 /* SearchPresenter.swift */,
				C391909A201E62D600CD7151 /* ISearchView.swift */,
				C391909C201E62E300CD7151 /* ISearchPresenter.swift */,
			);
			path = "Search tab";
			sourceTree = "<group>";
		};
		C391909F201E62FD00CD7151 /* Screens */ = {
			isa = PBXGroup;
			children = (
				C3CCECF720CB055200D2E133 /* Search Parameters View */,
				C3FF3CFC2044578100C65137 /* Full Event View */,
				C39190A0201E630B00CD7151 /* Profile tab */,
				C3919091201E605E00CD7151 /* Search tab */,
				C391908E201E5F0B00CD7151 /* Favorive tab */,
				C3C6051620BC8B5E00606B30 /* EventCollectionViewHandler.swift */,
				C327C96D20C1BFD50075A0E3 /* IEventCollectionViewHandler.swift */,
			);
			path = Screens;
			sourceTree = "<group>";
		};
		C39190A0201E630B00CD7151 /* Profile tab */ = {
			isa = PBXGroup;
			children = (
				C39190A1201E632700CD7151 /* ProfileViewController.swift */,
				C39190A3201E633500CD7151 /* ProfilePresenter.swift */,
				C39190A5201E634200CD7151 /* IProfileViewController.swift */,
				C39190A7201E634F00CD7151 /* IProfilePresenter.swift */,
			);
			path = "Profile tab";
			sourceTree = "<group>";
		};
		C3B8828B201A22510031F261 = {
			isa = PBXGroup;
			children = (
				C3FFF10820726CEB00ADF407 /* UserSettingsModel.xcdatamodeld */,
				C3B882C6201A5D5C0031F261 /* .swiftlint.yml */,
				C362DD9C204733BB00D301A6 /* Podfile */,
				C3B88296201A22520031F261 /* ITEvents */,
				C3B882AB201A22520031F261 /* ITEventsTests */,
				C3B882B6201A22520031F261 /* ITEventsUITests */,
				C3A30CAC201BDEB90041D549 /* ITEvents.app */,
				4B657F909494C1105F7D5DB5 /* Pods */,
				E4429BA5C6238A6F3B0C2565 /* Frameworks */,
			);
			sourceTree = "<group>";
		};
		C3B88296201A22520031F261 /* ITEvents */ = {
			isa = PBXGroup;
			children = (
				C34758382074F8DA009FAA5F /* Views */,
				C30056392055AD9100875CCD /* Utilities */,
				C30056362055AD4300875CCD /* DI Container */,
				C30056332055ACE600875CCD /* Extensions */,
				C389284020E2D50D00B0BF4A /* Storages */,
				C3E792E4202E411300876D6B /* Services */,
				C391909F201E62FD00CD7151 /* Screens */,
				C391908A201E59BD00CD7151 /* Model */,
				C3919088201E597D00CD7151 /* Supporting files */,
				C391908D201E5EF800CD7151 /* Shared collection view elements */,
				C3919089201E599000CD7151 /* Storyboards */,
			);
			path = ITEvents;
			sourceTree = "<group>";
		};
		C3B882AB201A22520031F261 /* ITEventsTests */ = {
			isa = PBXGroup;
			children = (
				C3B882AC201A22520031F261 /* ITEventsTests.swift */,
				C3B882AE201A22520031F261 /* Info.plist */,
			);
			path = ITEventsTests;
			sourceTree = "<group>";
		};
		C3B882B6201A22520031F261 /* ITEventsUITests */ = {
			isa = PBXGroup;
			children = (
				C3B882B7201A22520031F261 /* ITEventsUITests.swift */,
				C3B882B9201A22520031F261 /* Info.plist */,
			);
			path = ITEventsUITests;
			sourceTree = "<group>";
		};
		C3CCECF720CB055200D2E133 /* Search Parameters View */ = {
			isa = PBXGroup;
			children = (
				C319FAA320DC498B005E56A6 /* ISearchParametersView.swift */,
				C3CCECF820CB057B00D2E133 /* SearchParametersViewController.swift */,
				C319FAA520DC49A5005E56A6 /* ISearchParametersPresenter.swift */,
				C319FA9F20DC44C8005E56A6 /* SearchParametersPresenter.swift */,
			);
			path = "Search Parameters View";
			sourceTree = "<group>";
		};
		C3E792E4202E411300876D6B /* Services */ = {
			isa = PBXGroup;
			children = (
				C362DD9820472D7B00D301A6 /* IDateFormatterService.swift */,
				C362DD9A20472D9A00D301A6 /* DateFormatterService.swift */,
				C34C4F81206B89FD001A61A9 /* ISelectedEventService.swift */,
				C34C4F83206B8A51001A61A9 /* SelectedEventService.swift */,
				C3DBDFA720726BAB002A35EB /* IUserSettingService.swift */,
				C3FFF10B20737DCE00ADF407 /* UserSettingsService.swift */,
				C319FAA120DC4696005E56A6 /* ISearchParametersService.swift */,
				C319FA9D20DC41ED005E56A6 /* SearchParametersService.swift */,
				C3DC022420E4EE77005C4418 /* INotificationService.swift */,
				C3DC022220E4EE69005C4418 /* NotificationService.swift */,
			);
			path = Services;
			sourceTree = "<group>";
		};
		C3FF3CFC2044578100C65137 /* Full Event View */ = {
			isa = PBXGroup;
			children = (
				C3D547632078104A009ABC73 /* IFullEventView.swift */,
				C39190AA201E637600CD7151 /* FullEventViewController.swift */,
				C39190AC201E638700CD7151 /* FullEventPresenter.swift */,
				C39190B0201E63C500CD7151 /* IFullEventPresenter.swift */,
			);
			path = "Full Event View";
			sourceTree = "<group>";
		};
		E4429BA5C6238A6F3B0C2565 /* Frameworks */ = {
			isa = PBXGroup;
			children = (
				01648EDF16EDD9EC7EB9596E /* Pods_ITEvents.framework */,
			);
			name = Frameworks;
			sourceTree = "<group>";
		};
/* End PBXGroup section */

/* Begin PBXNativeTarget section */
		C3B88293201A22510031F261 /* ITEvents */ = {
			isa = PBXNativeTarget;
			buildConfigurationList = C3B882BC201A22520031F261 /* Build configuration list for PBXNativeTarget "ITEvents" */;
			buildPhases = (
				D3E47DE6BEC07F6855C17E4D /* [CP] Check Pods Manifest.lock */,
				C3B88290201A22510031F261 /* Sources */,
				C3B88291201A22510031F261 /* Frameworks */,
				C3B88292201A22510031F261 /* Resources */,
				C3B882C5201A242C0031F261 /* ShellScript */,
				463541AD3E81A627713D189A /* [CP] Embed Pods Frameworks */,
			);
			buildRules = (
			);
			dependencies = (
			);
			name = ITEvents;
			productName = ITEvents;
			productReference = C3A30CAC201BDEB90041D549 /* ITEvents.app */;
			productType = "com.apple.product-type.application";
		};
/* End PBXNativeTarget section */

/* Begin PBXProject section */
		C3B8828C201A22510031F261 /* Project object */ = {
			isa = PBXProject;
			attributes = {
				LastSwiftUpdateCheck = 0920;
				LastUpgradeCheck = 0940;
				ORGANIZATIONNAME = Sofia;
				TargetAttributes = {
					C3B88293201A22510031F261 = {
						CreatedOnToolsVersion = 9.2;
						LastSwiftMigration = 1000;
						ProvisioningStyle = Automatic;
					};
				};
			};
			buildConfigurationList = C3B8828F201A22510031F261 /* Build configuration list for PBXProject "ITEvents" */;
			compatibilityVersion = "Xcode 8.0";
			developmentRegion = en;
			hasScannedForEncodings = 0;
			knownRegions = (
				en,
				Base,
			);
			mainGroup = C3B8828B201A22510031F261;
			productRefGroup = C3B8828B201A22510031F261;
			projectDirPath = "";
			projectRoot = "";
			targets = (
				C3B88293201A22510031F261 /* ITEvents */,
			);
		};
/* End PBXProject section */

/* Begin PBXResourcesBuildPhase section */
		C3B88292201A22510031F261 /* Resources */ = {
			isa = PBXResourcesBuildPhase;
			buildActionMask = 2147483647;
			files = (
				C347586C2074F942009FAA5F /* EventView.xib in Resources */,
				C34758752074F942009FAA5F /* EventTagsView.xib in Resources */,
				C34758772074F942009FAA5F /* ShowEventSourceView.xib in Resources */,
				C375E753209B67FC00D089FB /* GridCollectionViewCell.xib in Resources */,
				C3B882C7201A5D5C0031F261 /* .swiftlint.yml in Resources */,
				C347586D2074F942009FAA5F /* EventInfoView.xib in Resources */,
				C3B882A2201A22520031F261 /* LaunchScreen.storyboard in Resources */,
				C362DD9D204733BB00D301A6 /* Podfile in Resources */,
				C375E74F209B656A00D089FB /* ListCollectionViewCell.xib in Resources */,
				C34758762074F942009FAA5F /* ShowMoreEventsView.xib in Resources */,
				C34758712074F942009FAA5F /* EventDescriptionView.xib in Resources */,
				C3B8829F201A22520031F261 /* Assets.xcassets in Resources */,
				C3B8829D201A22520031F261 /* Main.storyboard in Resources */,
				C34758742074F942009FAA5F /* EventPlaceView.xib in Resources */,
			);
			runOnlyForDeploymentPostprocessing = 0;
		};
/* End PBXResourcesBuildPhase section */

/* Begin PBXShellScriptBuildPhase section */
		463541AD3E81A627713D189A /* [CP] Embed Pods Frameworks */ = {
			isa = PBXShellScriptBuildPhase;
			buildActionMask = 2147483647;
			files = (
			);
			inputPaths = (
				"${SRCROOT}/Pods/Target Support Files/Pods-ITEvents/Pods-ITEvents-frameworks.sh",
				"${BUILT_PRODUCTS_DIR}/PromisesObjC/FBLPromises.framework",
				"${BUILT_PRODUCTS_DIR}/PromisesSwift/Promises.framework",
				"${BUILT_PRODUCTS_DIR}/Reusable/Reusable.framework",
				"${BUILT_PRODUCTS_DIR}/Swinject/Swinject.framework",
				"${BUILT_PRODUCTS_DIR}/SwinjectStoryboard/SwinjectStoryboard.framework",
				"${BUILT_PRODUCTS_DIR}/TagListView/TagListView.framework",
			);
			name = "[CP] Embed Pods Frameworks";
			outputPaths = (
				"${TARGET_BUILD_DIR}/${FRAMEWORKS_FOLDER_PATH}/FBLPromises.framework",
				"${TARGET_BUILD_DIR}/${FRAMEWORKS_FOLDER_PATH}/Promises.framework",
				"${TARGET_BUILD_DIR}/${FRAMEWORKS_FOLDER_PATH}/Reusable.framework",
				"${TARGET_BUILD_DIR}/${FRAMEWORKS_FOLDER_PATH}/Swinject.framework",
				"${TARGET_BUILD_DIR}/${FRAMEWORKS_FOLDER_PATH}/SwinjectStoryboard.framework",
				"${TARGET_BUILD_DIR}/${FRAMEWORKS_FOLDER_PATH}/TagListView.framework",
			);
			runOnlyForDeploymentPostprocessing = 0;
			shellPath = /bin/sh;
			shellScript = "\"${SRCROOT}/Pods/Target Support Files/Pods-ITEvents/Pods-ITEvents-frameworks.sh\"\n";
			showEnvVarsInLog = 0;
		};
		C3B882C5201A242C0031F261 /* ShellScript */ = {
			isa = PBXShellScriptBuildPhase;
			buildActionMask = 2147483647;
			files = (
			);
			inputPaths = (
			);
			outputPaths = (
			);
			runOnlyForDeploymentPostprocessing = 0;
			shellPath = /bin/sh;
			shellScript = "if which swiftlint >/dev/null; then\nswiftlint\nelse\necho \"warning: SwiftLint not installed, download from https://github.com/realm/SwiftLint\"\nfi";
		};
		D3E47DE6BEC07F6855C17E4D /* [CP] Check Pods Manifest.lock */ = {
			isa = PBXShellScriptBuildPhase;
			buildActionMask = 2147483647;
			files = (
			);
			inputPaths = (
				"${PODS_PODFILE_DIR_PATH}/Podfile.lock",
				"${PODS_ROOT}/Manifest.lock",
			);
			name = "[CP] Check Pods Manifest.lock";
			outputPaths = (
				"$(DERIVED_FILE_DIR)/Pods-ITEvents-checkManifestLockResult.txt",
			);
			runOnlyForDeploymentPostprocessing = 0;
			shellPath = /bin/sh;
			shellScript = "diff \"${PODS_PODFILE_DIR_PATH}/Podfile.lock\" \"${PODS_ROOT}/Manifest.lock\" > /dev/null\nif [ $? != 0 ] ; then\n    # print error to STDERR\n    echo \"error: The sandbox is not in sync with the Podfile.lock. Run 'pod install' or update your CocoaPods installation.\" >&2\n    exit 1\nfi\n# This output is used by Xcode 'outputs' to avoid re-running this script phase.\necho \"SUCCESS\" > \"${SCRIPT_OUTPUT_FILE_0}\"\n";
			showEnvVarsInLog = 0;
		};
/* End PBXShellScriptBuildPhase section */

/* Begin PBXSourcesBuildPhase section */
		C3B88290201A22510031F261 /* Sources */ = {
			isa = PBXSourcesBuildPhase;
			buildActionMask = 2147483647;
			files = (
				C3CCECF920CB057B00D2E133 /* SearchParametersViewController.swift in Sources */,
				C391909B201E62D600CD7151 /* ISearchView.swift in Sources */,
				C3919093201E608A00CD7151 /* SearchViewController.swift in Sources */,
				C391908C201E59D100CD7151 /* Event.swift in Sources */,
				C3C6050E20BA021E00606B30 /* IEventsStorage.swift in Sources */,
				C319FA9E20DC41ED005E56A6 /* SearchParametersService.swift in Sources */,
				C347586F2074F942009FAA5F /* EventDescriptionView.swift in Sources */,
				C39190B5201E6B2C00CD7151 /* IEventCollectionViewCell.swift in Sources */,
				C300563B2055ADEA00875CCD /* SharedUtils.swift in Sources */,
				C34C4F82206B89FD001A61A9 /* ISelectedEventService.swift in Sources */,
				C319FAA220DC4696005E56A6 /* ISearchParametersService.swift in Sources */,
				C3C6051120BA021E00606B30 /* EventsStorageMockImpl.swift in Sources */,
				C39190AD201E638700CD7151 /* FullEventPresenter.swift in Sources */,
				C389283F20E2C2A900B0BF4A /* EventsResult.swift in Sources */,
				C3C6051720BC8B5E00606B30 /* EventCollectionViewHandler.swift in Sources */,
				C3919099201E62C800CD7151 /* SearchPresenter.swift in Sources */,
				C3FFF10A20726CEB00ADF407 /* UserSettingsModel.xcdatamodeld in Sources */,
				C3B8829A201A22520031F261 /* FavoritesViewController.swift in Sources */,
				C300562D2055AA6B00875CCD /* EventSource.swift in Sources */,
				C3DBDFA820726BAB002A35EB /* IUserSettingService.swift in Sources */,
				C34758702074F942009FAA5F /* ShowMoreEventsView.swift in Sources */,
				C327C96E20C1BFD50075A0E3 /* IEventCollectionViewHandler.swift in Sources */,
				C34758722074F942009FAA5F /* EventPlaceView.swift in Sources */,
				C34758692074F942009FAA5F /* EventView.swift in Sources */,
				C3DC022520E4EE77005C4418 /* INotificationService.swift in Sources */,
				C300562C2055AA6B00875CCD /* UserSettings.swift in Sources */,
				C319FAA620DC49A5005E56A6 /* ISearchParametersPresenter.swift in Sources */,
				C39190A2201E632700CD7151 /* ProfileViewController.swift in Sources */,
				C3C6051220BA021E00606B30 /* SimilarEventsStorageMockImpl.swift in Sources */,
				C3919097201E62B900CD7151 /* IFavoritePresenter.swift in Sources */,
				C362DD9920472D7B00D301A6 /* IDateFormatterService.swift in Sources */,
				C347586E2074F942009FAA5F /* ShowEventSourceView.swift in Sources */,
				C3919090201E604600CD7151 /* FavoritePresenter.swift in Sources */,
				C39190A8201E634F00CD7151 /* IProfilePresenter.swift in Sources */,
				C39190B1201E63C500CD7151 /* IFullEventPresenter.swift in Sources */,
				C300562E2055AA6B00875CCD /* Tag.swift in Sources */,
				C34C4F84206B8A51001A61A9 /* SelectedEventService.swift in Sources */,
				C34758592074F90F009FAA5F /* IFavoriteView.swift in Sources */,
				C3D547642078104A009ABC73 /* IFullEventView.swift in Sources */,
				C362DD9B20472D9A00D301A6 /* DateFormatterService.swift in Sources */,
				C318F82A209094A700D4730E /* EventsCollectionViewFooter.swift in Sources */,
				C34758732074F942009FAA5F /* EventInfoView.swift in Sources */,
				C30056352055AD0600875CCD /* NSMutableAttributedString.swift in Sources */,
				C347586A2074F942009FAA5F /* RoundedImageView.swift in Sources */,
				C3C6051520BAC04400606B30 /* Cancelable.swift in Sources */,
				C30056382055AD6600875CCD /* Swinject Storyboard.swift in Sources */,
				C3764B73202100AA0024CFA7 /* UIGradientImageView.swift in Sources */,
				C391909D201E62E300CD7151 /* ISearchPresenter.swift in Sources */,
				C329A992207B768000DF4394 /* Global.swift in Sources */,
				C3D547662078208F009ABC73 /* EventViewModel.swift in Sources */,
				C3C6051020BA021E00606B30 /* IEventTagsStorage.swift in Sources */,
				C347586B2074F942009FAA5F /* EventTagsView.swift in Sources */,
				C375E74E209B656A00D089FB /* ListCollectionViewCell.swift in Sources */,
				C375E752209B67FC00D089FB /* GridCollectionViewCell.swift in Sources */,
				C3FFF10C20737DCE00ADF407 /* UserSettingsService.swift in Sources */,
				C39190AB201E637600CD7151 /* FullEventViewController.swift in Sources */,
				C319FAA020DC44C8005E56A6 /* SearchParametersPresenter.swift in Sources */,
				C3B88298201A22520031F261 /* AppDelegate.swift in Sources */,
				C39190A6201E634200CD7151 /* IProfileViewController.swift in Sources */,
				C3DC022320E4EE69005C4418 /* NotificationService.swift in Sources */,
				C319FAA420DC498B005E56A6 /* ISearchParametersView.swift in Sources */,
				C3C6051320BA021E00606B30 /* EventTagsStorageMockImpl.swift in Sources */,
				C3C6050F20BA021E00606B30 /* ISimilarEventsStorage.swift in Sources */,
				C39190A4201E633500CD7151 /* ProfilePresenter.swift in Sources */,
			);
			runOnlyForDeploymentPostprocessing = 0;
		};
/* End PBXSourcesBuildPhase section */

/* Begin PBXVariantGroup section */
		C3B8829B201A22520031F261 /* Main.storyboard */ = {
			isa = PBXVariantGroup;
			children = (
				C3B8829C201A22520031F261 /* Base */,
			);
			name = Main.storyboard;
			sourceTree = "<group>";
		};
		C3B882A0201A22520031F261 /* LaunchScreen.storyboard */ = {
			isa = PBXVariantGroup;
			children = (
				C3B882A1201A22520031F261 /* Base */,
			);
			name = LaunchScreen.storyboard;
			sourceTree = "<group>";
		};
/* End PBXVariantGroup section */

/* Begin XCBuildConfiguration section */
		C3B882BA201A22520031F261 /* Debug */ = {
			isa = XCBuildConfiguration;
			buildSettings = {
				ALWAYS_SEARCH_USER_PATHS = NO;
				CLANG_ANALYZER_NONNULL = YES;
				CLANG_ANALYZER_NUMBER_OBJECT_CONVERSION = YES_AGGRESSIVE;
				CLANG_CXX_LANGUAGE_STANDARD = "gnu++14";
				CLANG_CXX_LIBRARY = "libc++";
				CLANG_ENABLE_MODULES = YES;
				CLANG_ENABLE_OBJC_ARC = YES;
				CLANG_WARN_BLOCK_CAPTURE_AUTORELEASING = YES;
				CLANG_WARN_BOOL_CONVERSION = YES;
				CLANG_WARN_COMMA = YES;
				CLANG_WARN_CONSTANT_CONVERSION = YES;
				CLANG_WARN_DEPRECATED_OBJC_IMPLEMENTATIONS = YES;
				CLANG_WARN_DIRECT_OBJC_ISA_USAGE = YES_ERROR;
				CLANG_WARN_DOCUMENTATION_COMMENTS = YES;
				CLANG_WARN_EMPTY_BODY = YES;
				CLANG_WARN_ENUM_CONVERSION = YES;
				CLANG_WARN_INFINITE_RECURSION = YES;
				CLANG_WARN_INT_CONVERSION = YES;
				CLANG_WARN_NON_LITERAL_NULL_CONVERSION = YES;
				CLANG_WARN_OBJC_IMPLICIT_RETAIN_SELF = YES;
				CLANG_WARN_OBJC_LITERAL_CONVERSION = YES;
				CLANG_WARN_OBJC_ROOT_CLASS = YES_ERROR;
				CLANG_WARN_RANGE_LOOP_ANALYSIS = YES;
				CLANG_WARN_STRICT_PROTOTYPES = YES;
				CLANG_WARN_SUSPICIOUS_MOVE = YES;
				CLANG_WARN_UNGUARDED_AVAILABILITY = YES_AGGRESSIVE;
				CLANG_WARN_UNREACHABLE_CODE = YES;
				CLANG_WARN__DUPLICATE_METHOD_MATCH = YES;
				CODE_SIGN_IDENTITY = "iPhone Developer";
				COPY_PHASE_STRIP = NO;
				DEBUG_INFORMATION_FORMAT = dwarf;
				ENABLE_STRICT_OBJC_MSGSEND = YES;
				ENABLE_TESTABILITY = YES;
				GCC_C_LANGUAGE_STANDARD = gnu11;
				GCC_DYNAMIC_NO_PIC = NO;
				GCC_NO_COMMON_BLOCKS = YES;
				GCC_OPTIMIZATION_LEVEL = 0;
				GCC_PREPROCESSOR_DEFINITIONS = (
					"DEBUG=1",
					"$(inherited)",
				);
				GCC_WARN_64_TO_32_BIT_CONVERSION = YES;
				GCC_WARN_ABOUT_RETURN_TYPE = YES_ERROR;
				GCC_WARN_UNDECLARED_SELECTOR = YES;
				GCC_WARN_UNINITIALIZED_AUTOS = YES_AGGRESSIVE;
				GCC_WARN_UNUSED_FUNCTION = YES;
				GCC_WARN_UNUSED_VARIABLE = YES;
				IPHONEOS_DEPLOYMENT_TARGET = 12.0;
				MTL_ENABLE_DEBUG_INFO = YES;
				ONLY_ACTIVE_ARCH = YES;
				SDKROOT = iphoneos;
				SWIFT_ACTIVE_COMPILATION_CONDITIONS = DEBUG;
				SWIFT_OPTIMIZATION_LEVEL = "-Onone";
			};
			name = Debug;
		};
		C3B882BB201A22520031F261 /* Release */ = {
			isa = XCBuildConfiguration;
			buildSettings = {
				ALWAYS_SEARCH_USER_PATHS = NO;
				CLANG_ANALYZER_NONNULL = YES;
				CLANG_ANALYZER_NUMBER_OBJECT_CONVERSION = YES_AGGRESSIVE;
				CLANG_CXX_LANGUAGE_STANDARD = "gnu++14";
				CLANG_CXX_LIBRARY = "libc++";
				CLANG_ENABLE_MODULES = YES;
				CLANG_ENABLE_OBJC_ARC = YES;
				CLANG_WARN_BLOCK_CAPTURE_AUTORELEASING = YES;
				CLANG_WARN_BOOL_CONVERSION = YES;
				CLANG_WARN_COMMA = YES;
				CLANG_WARN_CONSTANT_CONVERSION = YES;
				CLANG_WARN_DEPRECATED_OBJC_IMPLEMENTATIONS = YES;
				CLANG_WARN_DIRECT_OBJC_ISA_USAGE = YES_ERROR;
				CLANG_WARN_DOCUMENTATION_COMMENTS = YES;
				CLANG_WARN_EMPTY_BODY = YES;
				CLANG_WARN_ENUM_CONVERSION = YES;
				CLANG_WARN_INFINITE_RECURSION = YES;
				CLANG_WARN_INT_CONVERSION = YES;
				CLANG_WARN_NON_LITERAL_NULL_CONVERSION = YES;
				CLANG_WARN_OBJC_IMPLICIT_RETAIN_SELF = YES;
				CLANG_WARN_OBJC_LITERAL_CONVERSION = YES;
				CLANG_WARN_OBJC_ROOT_CLASS = YES_ERROR;
				CLANG_WARN_RANGE_LOOP_ANALYSIS = YES;
				CLANG_WARN_STRICT_PROTOTYPES = YES;
				CLANG_WARN_SUSPICIOUS_MOVE = YES;
				CLANG_WARN_UNGUARDED_AVAILABILITY = YES_AGGRESSIVE;
				CLANG_WARN_UNREACHABLE_CODE = YES;
				CLANG_WARN__DUPLICATE_METHOD_MATCH = YES;
				CODE_SIGN_IDENTITY = "iPhone Developer";
				COPY_PHASE_STRIP = NO;
				DEBUG_INFORMATION_FORMAT = "dwarf-with-dsym";
				ENABLE_NS_ASSERTIONS = NO;
				ENABLE_STRICT_OBJC_MSGSEND = YES;
				GCC_C_LANGUAGE_STANDARD = gnu11;
				GCC_NO_COMMON_BLOCKS = YES;
				GCC_WARN_64_TO_32_BIT_CONVERSION = YES;
				GCC_WARN_ABOUT_RETURN_TYPE = YES_ERROR;
				GCC_WARN_UNDECLARED_SELECTOR = YES;
				GCC_WARN_UNINITIALIZED_AUTOS = YES_AGGRESSIVE;
				GCC_WARN_UNUSED_FUNCTION = YES;
				GCC_WARN_UNUSED_VARIABLE = YES;
				IPHONEOS_DEPLOYMENT_TARGET = 12.0;
				MTL_ENABLE_DEBUG_INFO = NO;
				SDKROOT = iphoneos;
				SWIFT_OPTIMIZATION_LEVEL = "-Owholemodule";
				VALIDATE_PRODUCT = YES;
			};
			name = Release;
		};
		C3B882BD201A22520031F261 /* Debug */ = {
			isa = XCBuildConfiguration;
			baseConfigurationReference = 09058408E21C7D56F3F1A534 /* Pods-ITEvents.debug.xcconfig */;
			buildSettings = {
				ASSETCATALOG_COMPILER_APPICON_NAME = AppIcon;
				CODE_SIGN_STYLE = Automatic;
				DEVELOPMENT_TEAM = 7U8A899S5N;
				INFOPLIST_FILE = "$(SRCROOT)/ITEvents/Supporting files/Info.plist";
				LD_RUNPATH_SEARCH_PATHS = "$(inherited) @executable_path/Frameworks";
				PRODUCT_BUNDLE_IDENTIFIER = com.example.SonyaTest.ITEvents;
				PRODUCT_NAME = "$(TARGET_NAME)";
				SWIFT_VERSION = 4.2;
				TARGETED_DEVICE_FAMILY = "1,2";
			};
			name = Debug;
		};
		C3B882BE201A22520031F261 /* Release */ = {
			isa = XCBuildConfiguration;
			baseConfigurationReference = 0CBFD89C81FCC879B485DC5E /* Pods-ITEvents.release.xcconfig */;
			buildSettings = {
				ASSETCATALOG_COMPILER_APPICON_NAME = AppIcon;
				CODE_SIGN_STYLE = Automatic;
				DEVELOPMENT_TEAM = 7U8A899S5N;
				INFOPLIST_FILE = "$(SRCROOT)/ITEvents/Supporting files/Info.plist";
				LD_RUNPATH_SEARCH_PATHS = "$(inherited) @executable_path/Frameworks";
				PRODUCT_BUNDLE_IDENTIFIER = com.example.SonyaTest.ITEvents;
				PRODUCT_NAME = "$(TARGET_NAME)";
				SWIFT_VERSION = 4.2;
				TARGETED_DEVICE_FAMILY = "1,2";
			};
			name = Release;
		};
/* End XCBuildConfiguration section */

/* Begin XCConfigurationList section */
		C3B8828F201A22510031F261 /* Build configuration list for PBXProject "ITEvents" */ = {
			isa = XCConfigurationList;
			buildConfigurations = (
				C3B882BA201A22520031F261 /* Debug */,
				C3B882BB201A22520031F261 /* Release */,
			);
			defaultConfigurationIsVisible = 0;
			defaultConfigurationName = Release;
		};
		C3B882BC201A22520031F261 /* Build configuration list for PBXNativeTarget "ITEvents" */ = {
			isa = XCConfigurationList;
			buildConfigurations = (
				C3B882BD201A22520031F261 /* Debug */,
				C3B882BE201A22520031F261 /* Release */,
			);
			defaultConfigurationIsVisible = 0;
			defaultConfigurationName = Release;
		};
/* End XCConfigurationList section */

/* Begin XCVersionGroup section */
		C3FFF10820726CEB00ADF407 /* UserSettingsModel.xcdatamodeld */ = {
			isa = XCVersionGroup;
			children = (
				C3FFF10920726CEB00ADF407 /* UserSettingsModel.xcdatamodel */,
			);
			currentVersion = C3FFF10920726CEB00ADF407 /* UserSettingsModel.xcdatamodel */;
			path = UserSettingsModel.xcdatamodeld;
			sourceTree = "<group>";
			versionGroupType = wrapper.xcdatamodel;
		};
/* End XCVersionGroup section */
	};
	rootObject = C3B8828C201A22510031F261 /* Project object */;
}
