// !$*UTF8*$!
{
	archiveVersion = 1;
	classes = {
	};
	objectVersion = 48;
	objects = {

/* Begin PBXBuildFile section */
		9901D92B4C3F91783D96F1E6 /* Pods_ITEvents.framework in Frameworks */ = {isa = PBXBuildFile; fileRef = 01648EDF16EDD9EC7EB9596E /* Pods_ITEvents.framework */; };
		C3005611205163A300875CCD /* EventPlaceView.xib in Resources */ = {isa = PBXBuildFile; fileRef = C3005605205163A100875CCD /* EventPlaceView.xib */; };
		C3005612205163A300875CCD /* EventTagsView.xib in Resources */ = {isa = PBXBuildFile; fileRef = C3005606205163A100875CCD /* EventTagsView.xib */; };
		C3005613205163A300875CCD /* EventDescriptionView.xib in Resources */ = {isa = PBXBuildFile; fileRef = C3005607205163A200875CCD /* EventDescriptionView.xib */; };
		C3005614205163A300875CCD /* EventTagsView.swift in Sources */ = {isa = PBXBuildFile; fileRef = C3005608205163A200875CCD /* EventTagsView.swift */; };
		C3005615205163A300875CCD /* EventInfoView.xib in Resources */ = {isa = PBXBuildFile; fileRef = C3005609205163A200875CCD /* EventInfoView.xib */; };
		C3005616205163A300875CCD /* ShowEventSourceView.swift in Sources */ = {isa = PBXBuildFile; fileRef = C300560A205163A200875CCD /* ShowEventSourceView.swift */; };
		C3005617205163A300875CCD /* ShowMoreEventsView.swift in Sources */ = {isa = PBXBuildFile; fileRef = C300560B205163A200875CCD /* ShowMoreEventsView.swift */; };
		C3005618205163A300875CCD /* ShowEventSourceView.xib in Resources */ = {isa = PBXBuildFile; fileRef = C300560C205163A200875CCD /* ShowEventSourceView.xib */; };
		C3005619205163A300875CCD /* EventInfoView.swift in Sources */ = {isa = PBXBuildFile; fileRef = C300560D205163A300875CCD /* EventInfoView.swift */; };
		C300561A205163A300875CCD /* EventDescriptionView.swift in Sources */ = {isa = PBXBuildFile; fileRef = C300560E205163A300875CCD /* EventDescriptionView.swift */; };
		C300561B205163A300875CCD /* ShowMoreEventsView.xib in Resources */ = {isa = PBXBuildFile; fileRef = C300560F205163A300875CCD /* ShowMoreEventsView.xib */; };
		C300561C205163A300875CCD /* EventPlaceView.swift in Sources */ = {isa = PBXBuildFile; fileRef = C3005610205163A300875CCD /* EventPlaceView.swift */; };
		C300562C2055AA6B00875CCD /* UserSettings.swift in Sources */ = {isa = PBXBuildFile; fileRef = C30056292055AA6B00875CCD /* UserSettings.swift */; };
		C300562D2055AA6B00875CCD /* EventSource.swift in Sources */ = {isa = PBXBuildFile; fileRef = C300562A2055AA6B00875CCD /* EventSource.swift */; };
		C300562E2055AA6B00875CCD /* Tag.swift in Sources */ = {isa = PBXBuildFile; fileRef = C300562B2055AA6B00875CCD /* Tag.swift */; };
		C30056352055AD0600875CCD /* NSMutableAttributedString.swift in Sources */ = {isa = PBXBuildFile; fileRef = C30056342055AD0600875CCD /* NSMutableAttributedString.swift */; };
		C30056382055AD6600875CCD /* Swinject Storyboard.swift in Sources */ = {isa = PBXBuildFile; fileRef = C30056372055AD6600875CCD /* Swinject Storyboard.swift */; };
		C300563B2055ADEA00875CCD /* SharedUtils.swift in Sources */ = {isa = PBXBuildFile; fileRef = C300563A2055ADEA00875CCD /* SharedUtils.swift */; };
		C300563F2059A7C400875CCD /* ISettingsStorage.swift in Sources */ = {isa = PBXBuildFile; fileRef = C300563C2059A7C400875CCD /* ISettingsStorage.swift */; };
		C317682D203ADF8500B21A6B /* EventView.xib in Resources */ = {isa = PBXBuildFile; fileRef = C317682C203ADF8500B21A6B /* EventView.xib */; };
		C317682F203ADFB500B21A6B /* EventView.swift in Sources */ = {isa = PBXBuildFile; fileRef = C317682E203ADFB500B21A6B /* EventView.swift */; };
		C329BDFE201BC90F00F32829 /* EventCollectionViewCell.swift in Sources */ = {isa = PBXBuildFile; fileRef = C329BDFD201BC90F00F32829 /* EventCollectionViewCell.swift */; };
		C34C4F82206B89FD001A61A9 /* ISelectedEventService.swift in Sources */ = {isa = PBXBuildFile; fileRef = C34C4F81206B89FD001A61A9 /* ISelectedEventService.swift */; };
		C34C4F84206B8A51001A61A9 /* SelectedEventService.swift in Sources */ = {isa = PBXBuildFile; fileRef = C34C4F83206B8A51001A61A9 /* SelectedEventService.swift */; };
		C362DD8B2046017400D301A6 /* IEventTagsDataService.swift in Sources */ = {isa = PBXBuildFile; fileRef = C362DD8A2046017400D301A6 /* IEventTagsDataService.swift */; };
		C362DD8D2046022700D301A6 /* EventTagsDataServiceMockImpl.swift in Sources */ = {isa = PBXBuildFile; fileRef = C362DD8C2046022700D301A6 /* EventTagsDataServiceMockImpl.swift */; };
		C362DD8F2046E4F600D301A6 /* ISimilarEventsDataService.swift in Sources */ = {isa = PBXBuildFile; fileRef = C362DD8E2046E4F600D301A6 /* ISimilarEventsDataService.swift */; };
		C362DD952046FF4A00D301A6 /* SimilarEventsDataServiceMockImpl.swift in Sources */ = {isa = PBXBuildFile; fileRef = C362DD942046FF4A00D301A6 /* SimilarEventsDataServiceMockImpl.swift */; };
		C362DD9920472D7B00D301A6 /* IDateFormatterService.swift in Sources */ = {isa = PBXBuildFile; fileRef = C362DD9820472D7B00D301A6 /* IDateFormatterService.swift */; };
		C362DD9B20472D9A00D301A6 /* DateFormatterService.swift in Sources */ = {isa = PBXBuildFile; fileRef = C362DD9A20472D9A00D301A6 /* DateFormatterService.swift */; };
		C362DD9D204733BB00D301A6 /* Podfile in Resources */ = {isa = PBXBuildFile; fileRef = C362DD9C204733BB00D301A6 /* Podfile */; };
		C3764B73202100AA0024CFA7 /* UIGradientImageView.swift in Sources */ = {isa = PBXBuildFile; fileRef = C3764B72202100AA0024CFA7 /* UIGradientImageView.swift */; };
		C391908C201E59D100CD7151 /* Event.swift in Sources */ = {isa = PBXBuildFile; fileRef = C391908B201E59D100CD7151 /* Event.swift */; };
		C3919090201E604600CD7151 /* FavoritePresenter.swift in Sources */ = {isa = PBXBuildFile; fileRef = C391908F201E604600CD7151 /* FavoritePresenter.swift */; };
		C3919093201E608A00CD7151 /* SearchViewController.swift in Sources */ = {isa = PBXBuildFile; fileRef = C3919092201E608A00CD7151 /* SearchViewController.swift */; };
		C3919095201E62A800CD7151 /* IFavoriteView.swift in Sources */ = {isa = PBXBuildFile; fileRef = C3919094201E62A800CD7151 /* IFavoriteView.swift */; };
		C3919097201E62B900CD7151 /* IFavoritePresenter.swift in Sources */ = {isa = PBXBuildFile; fileRef = C3919096201E62B900CD7151 /* IFavoritePresenter.swift */; };
		C3919099201E62C800CD7151 /* SearchPresenter.swift in Sources */ = {isa = PBXBuildFile; fileRef = C3919098201E62C800CD7151 /* SearchPresenter.swift */; };
		C391909B201E62D600CD7151 /* ISearchViewController.swift in Sources */ = {isa = PBXBuildFile; fileRef = C391909A201E62D600CD7151 /* ISearchViewController.swift */; };
		C391909D201E62E300CD7151 /* ISearchPresenter.swift in Sources */ = {isa = PBXBuildFile; fileRef = C391909C201E62E300CD7151 /* ISearchPresenter.swift */; };
		C39190A2201E632700CD7151 /* ProfileViewController.swift in Sources */ = {isa = PBXBuildFile; fileRef = C39190A1201E632700CD7151 /* ProfileViewController.swift */; };
		C39190A4201E633500CD7151 /* ProfilePresenter.swift in Sources */ = {isa = PBXBuildFile; fileRef = C39190A3201E633500CD7151 /* ProfilePresenter.swift */; };
		C39190A6201E634200CD7151 /* IProfileViewController.swift in Sources */ = {isa = PBXBuildFile; fileRef = C39190A5201E634200CD7151 /* IProfileViewController.swift */; };
		C39190A8201E634F00CD7151 /* IProfilePresenter.swift in Sources */ = {isa = PBXBuildFile; fileRef = C39190A7201E634F00CD7151 /* IProfilePresenter.swift */; };
		C39190AB201E637600CD7151 /* FullEventViewController.swift in Sources */ = {isa = PBXBuildFile; fileRef = C39190AA201E637600CD7151 /* FullEventViewController.swift */; };
		C39190AD201E638700CD7151 /* FullEventPresenter.swift in Sources */ = {isa = PBXBuildFile; fileRef = C39190AC201E638700CD7151 /* FullEventPresenter.swift */; };
		C39190AF201E639500CD7151 /* IFullEventViewController.swift in Sources */ = {isa = PBXBuildFile; fileRef = C39190AE201E639500CD7151 /* IFullEventViewController.swift */; };
		C39190B1201E63C500CD7151 /* IFullEventPresenter.swift in Sources */ = {isa = PBXBuildFile; fileRef = C39190B0201E63C500CD7151 /* IFullEventPresenter.swift */; };
		C39190B5201E6B2C00CD7151 /* IEventCollectionViewCell.swift in Sources */ = {isa = PBXBuildFile; fileRef = C39190B4201E6B2C00CD7151 /* IEventCollectionViewCell.swift */; };
		C3B88298201A22520031F261 /* AppDelegate.swift in Sources */ = {isa = PBXBuildFile; fileRef = C3B88297201A22520031F261 /* AppDelegate.swift */; };
		C3B8829A201A22520031F261 /* FavoritesViewController.swift in Sources */ = {isa = PBXBuildFile; fileRef = C3B88299201A22520031F261 /* FavoritesViewController.swift */; };
		C3B8829D201A22520031F261 /* Main.storyboard in Resources */ = {isa = PBXBuildFile; fileRef = C3B8829B201A22520031F261 /* Main.storyboard */; };
		C3B8829F201A22520031F261 /* Assets.xcassets in Resources */ = {isa = PBXBuildFile; fileRef = C3B8829E201A22520031F261 /* Assets.xcassets */; };
		C3B882A2201A22520031F261 /* LaunchScreen.storyboard in Resources */ = {isa = PBXBuildFile; fileRef = C3B882A0201A22520031F261 /* LaunchScreen.storyboard */; };
		C3B882AD201A22520031F261 /* ITEventsTests.swift in Sources */ = {isa = PBXBuildFile; fileRef = C3B882AC201A22520031F261 /* ITEventsTests.swift */; };
		C3B882B8201A22520031F261 /* ITEventsUITests.swift in Sources */ = {isa = PBXBuildFile; fileRef = C3B882B7201A22520031F261 /* ITEventsUITests.swift */; };
		C3B882C7201A5D5C0031F261 /* .swiftlint.yml in Resources */ = {isa = PBXBuildFile; fileRef = C3B882C6201A5D5C0031F261 /* .swiftlint.yml */; };
		C3CEBDBE201FADA9003CE306 /* EventCollectionViewCell.xib in Resources */ = {isa = PBXBuildFile; fileRef = C3CEBDBD201FADA9003CE306 /* EventCollectionViewCell.xib */; };
		C3E792E6202E413800876D6B /* IEventsDataService.swift in Sources */ = {isa = PBXBuildFile; fileRef = C3E792E5202E413800876D6B /* IEventsDataService.swift */; };
		C3E792E8202E416700876D6B /* EventsDataServiceMockImpl.swift in Sources */ = {isa = PBXBuildFile; fileRef = C3E792E7202E416700876D6B /* EventsDataServiceMockImpl.swift */; };
		C3FF3CFE204457AE00C65137 /* RoundedImageView.swift in Sources */ = {isa = PBXBuildFile; fileRef = C3FF3CFD204457AE00C65137 /* RoundedImageView.swift */; };
/* End PBXBuildFile section */

/* Begin PBXContainerItemProxy section */
		C3B882A9201A22520031F261 /* PBXContainerItemProxy */ = {
			isa = PBXContainerItemProxy;
			containerPortal = C3B8828C201A22510031F261 /* Project object */;
			proxyType = 1;
			remoteGlobalIDString = C3B88293201A22510031F261;
			remoteInfo = ITEvents;
		};
		C3B882B4201A22520031F261 /* PBXContainerItemProxy */ = {
			isa = PBXContainerItemProxy;
			containerPortal = C3B8828C201A22510031F261 /* Project object */;
			proxyType = 1;
			remoteGlobalIDString = C3B88293201A22510031F261;
			remoteInfo = ITEvents;
		};
/* End PBXContainerItemProxy section */

/* Begin PBXFileReference section */
		01648EDF16EDD9EC7EB9596E /* Pods_ITEvents.framework */ = {isa = PBXFileReference; explicitFileType = wrapper.framework; includeInIndex = 0; path = Pods_ITEvents.framework; sourceTree = BUILT_PRODUCTS_DIR; };
		09058408E21C7D56F3F1A534 /* Pods-ITEvents.debug.xcconfig */ = {isa = PBXFileReference; includeInIndex = 1; lastKnownFileType = text.xcconfig; name = "Pods-ITEvents.debug.xcconfig"; path = "Pods/Target Support Files/Pods-ITEvents/Pods-ITEvents.debug.xcconfig"; sourceTree = "<group>"; };
		0CBFD89C81FCC879B485DC5E /* Pods-ITEvents.release.xcconfig */ = {isa = PBXFileReference; includeInIndex = 1; lastKnownFileType = text.xcconfig; name = "Pods-ITEvents.release.xcconfig"; path = "Pods/Target Support Files/Pods-ITEvents/Pods-ITEvents.release.xcconfig"; sourceTree = "<group>"; };
		C3005605205163A100875CCD /* EventPlaceView.xib */ = {isa = PBXFileReference; fileEncoding = 4; lastKnownFileType = file.xib; path = EventPlaceView.xib; sourceTree = "<group>"; };
		C3005606205163A100875CCD /* EventTagsView.xib */ = {isa = PBXFileReference; fileEncoding = 4; lastKnownFileType = file.xib; path = EventTagsView.xib; sourceTree = "<group>"; };
		C3005607205163A200875CCD /* EventDescriptionView.xib */ = {isa = PBXFileReference; fileEncoding = 4; lastKnownFileType = file.xib; path = EventDescriptionView.xib; sourceTree = "<group>"; };
		C3005608205163A200875CCD /* EventTagsView.swift */ = {isa = PBXFileReference; fileEncoding = 4; lastKnownFileType = sourcecode.swift; path = EventTagsView.swift; sourceTree = "<group>"; };
		C3005609205163A200875CCD /* EventInfoView.xib */ = {isa = PBXFileReference; fileEncoding = 4; lastKnownFileType = file.xib; path = EventInfoView.xib; sourceTree = "<group>"; };
		C300560A205163A200875CCD /* ShowEventSourceView.swift */ = {isa = PBXFileReference; fileEncoding = 4; lastKnownFileType = sourcecode.swift; path = ShowEventSourceView.swift; sourceTree = "<group>"; };
		C300560B205163A200875CCD /* ShowMoreEventsView.swift */ = {isa = PBXFileReference; fileEncoding = 4; lastKnownFileType = sourcecode.swift; path = ShowMoreEventsView.swift; sourceTree = "<group>"; };
		C300560C205163A200875CCD /* ShowEventSourceView.xib */ = {isa = PBXFileReference; fileEncoding = 4; lastKnownFileType = file.xib; path = ShowEventSourceView.xib; sourceTree = "<group>"; };
		C300560D205163A300875CCD /* EventInfoView.swift */ = {isa = PBXFileReference; fileEncoding = 4; lastKnownFileType = sourcecode.swift; path = EventInfoView.swift; sourceTree = "<group>"; };
		C300560E205163A300875CCD /* EventDescriptionView.swift */ = {isa = PBXFileReference; fileEncoding = 4; lastKnownFileType = sourcecode.swift; path = EventDescriptionView.swift; sourceTree = "<group>"; };
		C300560F205163A300875CCD /* ShowMoreEventsView.xib */ = {isa = PBXFileReference; fileEncoding = 4; lastKnownFileType = file.xib; path = ShowMoreEventsView.xib; sourceTree = "<group>"; };
		C3005610205163A300875CCD /* EventPlaceView.swift */ = {isa = PBXFileReference; fileEncoding = 4; lastKnownFileType = sourcecode.swift; path = EventPlaceView.swift; sourceTree = "<group>"; };
		C30056292055AA6B00875CCD /* UserSettings.swift */ = {isa = PBXFileReference; fileEncoding = 4; lastKnownFileType = sourcecode.swift; path = UserSettings.swift; sourceTree = "<group>"; };
		C300562A2055AA6B00875CCD /* EventSource.swift */ = {isa = PBXFileReference; fileEncoding = 4; lastKnownFileType = sourcecode.swift; path = EventSource.swift; sourceTree = "<group>"; };
		C300562B2055AA6B00875CCD /* Tag.swift */ = {isa = PBXFileReference; fileEncoding = 4; lastKnownFileType = sourcecode.swift; path = Tag.swift; sourceTree = "<group>"; };
		C30056342055AD0600875CCD /* NSMutableAttributedString.swift */ = {isa = PBXFileReference; fileEncoding = 4; lastKnownFileType = sourcecode.swift; path = NSMutableAttributedString.swift; sourceTree = "<group>"; };
		C30056372055AD6600875CCD /* Swinject Storyboard.swift */ = {isa = PBXFileReference; fileEncoding = 4; lastKnownFileType = sourcecode.swift; path = "Swinject Storyboard.swift"; sourceTree = "<group>"; };
		C300563A2055ADEA00875CCD /* SharedUtils.swift */ = {isa = PBXFileReference; fileEncoding = 4; lastKnownFileType = sourcecode.swift; path = SharedUtils.swift; sourceTree = "<group>"; };
		C300563C2059A7C400875CCD /* ISettingsStorage.swift */ = {isa = PBXFileReference; fileEncoding = 4; lastKnownFileType = sourcecode.swift; name = ISettingsStorage.swift; path = ITEvents/Services/ISettingsStorage.swift; sourceTree = SOURCE_ROOT; };
		C317682C203ADF8500B21A6B /* EventView.xib */ = {isa = PBXFileReference; lastKnownFileType = file.xib; path = EventView.xib; sourceTree = "<group>"; };
		C317682E203ADFB500B21A6B /* EventView.swift */ = {isa = PBXFileReference; lastKnownFileType = sourcecode.swift; path = EventView.swift; sourceTree = "<group>"; };
		C329BDFD201BC90F00F32829 /* EventCollectionViewCell.swift */ = {isa = PBXFileReference; lastKnownFileType = sourcecode.swift; path = EventCollectionViewCell.swift; sourceTree = "<group>"; };
		C34C4F81206B89FD001A61A9 /* ISelectedEventService.swift */ = {isa = PBXFileReference; lastKnownFileType = sourcecode.swift; path = ISelectedEventService.swift; sourceTree = "<group>"; };
		C34C4F83206B8A51001A61A9 /* SelectedEventService.swift */ = {isa = PBXFileReference; lastKnownFileType = sourcecode.swift; path = SelectedEventService.swift; sourceTree = "<group>"; };
		C362DD8A2046017400D301A6 /* IEventTagsDataService.swift */ = {isa = PBXFileReference; lastKnownFileType = sourcecode.swift; path = IEventTagsDataService.swift; sourceTree = "<group>"; };
		C362DD8C2046022700D301A6 /* EventTagsDataServiceMockImpl.swift */ = {isa = PBXFileReference; lastKnownFileType = sourcecode.swift; path = EventTagsDataServiceMockImpl.swift; sourceTree = "<group>"; };
		C362DD8E2046E4F600D301A6 /* ISimilarEventsDataService.swift */ = {isa = PBXFileReference; lastKnownFileType = sourcecode.swift; path = ISimilarEventsDataService.swift; sourceTree = "<group>"; };
		C362DD942046FF4A00D301A6 /* SimilarEventsDataServiceMockImpl.swift */ = {isa = PBXFileReference; lastKnownFileType = sourcecode.swift; path = SimilarEventsDataServiceMockImpl.swift; sourceTree = "<group>"; };
		C362DD9820472D7B00D301A6 /* IDateFormatterService.swift */ = {isa = PBXFileReference; lastKnownFileType = sourcecode.swift; path = IDateFormatterService.swift; sourceTree = "<group>"; };
		C362DD9A20472D9A00D301A6 /* DateFormatterService.swift */ = {isa = PBXFileReference; lastKnownFileType = sourcecode.swift; path = DateFormatterService.swift; sourceTree = "<group>"; };
		C362DD9C204733BB00D301A6 /* Podfile */ = {isa = PBXFileReference; fileEncoding = 4; lastKnownFileType = text; path = Podfile; sourceTree = SOURCE_ROOT; xcLanguageSpecificationIdentifier = xcode.lang.ruby; };
		C3764B72202100AA0024CFA7 /* UIGradientImageView.swift */ = {isa = PBXFileReference; lastKnownFileType = sourcecode.swift; path = UIGradientImageView.swift; sourceTree = "<group>"; };
		C391908B201E59D100CD7151 /* Event.swift */ = {isa = PBXFileReference; lastKnownFileType = sourcecode.swift; path = Event.swift; sourceTree = "<group>"; };
		C391908F201E604600CD7151 /* FavoritePresenter.swift */ = {isa = PBXFileReference; lastKnownFileType = sourcecode.swift; path = FavoritePresenter.swift; sourceTree = "<group>"; };
		C3919092201E608A00CD7151 /* SearchViewController.swift */ = {isa = PBXFileReference; lastKnownFileType = sourcecode.swift; path = SearchViewController.swift; sourceTree = "<group>"; };
		C3919094201E62A800CD7151 /* IFavoriteView.swift */ = {isa = PBXFileReference; lastKnownFileType = sourcecode.swift; path = IFavoriteView.swift; sourceTree = "<group>"; };
		C3919096201E62B900CD7151 /* IFavoritePresenter.swift */ = {isa = PBXFileReference; lastKnownFileType = sourcecode.swift; path = IFavoritePresenter.swift; sourceTree = "<group>"; };
		C3919098201E62C800CD7151 /* SearchPresenter.swift */ = {isa = PBXFileReference; lastKnownFileType = sourcecode.swift; path = SearchPresenter.swift; sourceTree = "<group>"; };
		C391909A201E62D600CD7151 /* ISearchViewController.swift */ = {isa = PBXFileReference; lastKnownFileType = sourcecode.swift; path = ISearchViewController.swift; sourceTree = "<group>"; };
		C391909C201E62E300CD7151 /* ISearchPresenter.swift */ = {isa = PBXFileReference; lastKnownFileType = sourcecode.swift; path = ISearchPresenter.swift; sourceTree = "<group>"; };
		C39190A1201E632700CD7151 /* ProfileViewController.swift */ = {isa = PBXFileReference; lastKnownFileType = sourcecode.swift; path = ProfileViewController.swift; sourceTree = "<group>"; };
		C39190A3201E633500CD7151 /* ProfilePresenter.swift */ = {isa = PBXFileReference; lastKnownFileType = sourcecode.swift; path = ProfilePresenter.swift; sourceTree = "<group>"; };
		C39190A5201E634200CD7151 /* IProfileViewController.swift */ = {isa = PBXFileReference; lastKnownFileType = sourcecode.swift; path = IProfileViewController.swift; sourceTree = "<group>"; };
		C39190A7201E634F00CD7151 /* IProfilePresenter.swift */ = {isa = PBXFileReference; lastKnownFileType = sourcecode.swift; path = IProfilePresenter.swift; sourceTree = "<group>"; };
		C39190AA201E637600CD7151 /* FullEventViewController.swift */ = {isa = PBXFileReference; lastKnownFileType = sourcecode.swift; path = FullEventViewController.swift; sourceTree = "<group>"; };
		C39190AC201E638700CD7151 /* FullEventPresenter.swift */ = {isa = PBXFileReference; lastKnownFileType = sourcecode.swift; path = FullEventPresenter.swift; sourceTree = "<group>"; };
		C39190AE201E639500CD7151 /* IFullEventViewController.swift */ = {isa = PBXFileReference; lastKnownFileType = sourcecode.swift; path = IFullEventViewController.swift; sourceTree = "<group>"; };
		C39190B0201E63C500CD7151 /* IFullEventPresenter.swift */ = {isa = PBXFileReference; lastKnownFileType = sourcecode.swift; path = IFullEventPresenter.swift; sourceTree = "<group>"; };
		C39190B4201E6B2C00CD7151 /* IEventCollectionViewCell.swift */ = {isa = PBXFileReference; lastKnownFileType = sourcecode.swift; path = IEventCollectionViewCell.swift; sourceTree = "<group>"; };
		C3A30CAC201BDEB90041D549 /* ITEvents.app */ = {isa = PBXFileReference; explicitFileType = wrapper.application; includeInIndex = 0; path = ITEvents.app; sourceTree = BUILT_PRODUCTS_DIR; };
		C3A30CAD201BDEB90041D549 /* ITEventsTests.xctest */ = {isa = PBXFileReference; explicitFileType = wrapper.cfbundle; includeInIndex = 0; path = ITEventsTests.xctest; sourceTree = BUILT_PRODUCTS_DIR; };
		C3A30CAE201BDEB90041D549 /* ITEventsUITests.xctest */ = {isa = PBXFileReference; explicitFileType = wrapper.cfbundle; includeInIndex = 0; path = ITEventsUITests.xctest; sourceTree = BUILT_PRODUCTS_DIR; };
		C3B88297201A22520031F261 /* AppDelegate.swift */ = {isa = PBXFileReference; lastKnownFileType = sourcecode.swift; path = AppDelegate.swift; sourceTree = "<group>"; };
		C3B88299201A22520031F261 /* FavoritesViewController.swift */ = {isa = PBXFileReference; lastKnownFileType = sourcecode.swift; path = FavoritesViewController.swift; sourceTree = "<group>"; };
		C3B8829C201A22520031F261 /* Base */ = {isa = PBXFileReference; lastKnownFileType = file.storyboard; name = Base; path = Base.lproj/Main.storyboard; sourceTree = "<group>"; };
		C3B8829E201A22520031F261 /* Assets.xcassets */ = {isa = PBXFileReference; lastKnownFileType = folder.assetcatalog; path = Assets.xcassets; sourceTree = "<group>"; };
		C3B882A1201A22520031F261 /* Base */ = {isa = PBXFileReference; lastKnownFileType = file.storyboard; name = Base; path = Base.lproj/LaunchScreen.storyboard; sourceTree = "<group>"; };
		C3B882A3201A22520031F261 /* Info.plist */ = {isa = PBXFileReference; lastKnownFileType = text.plist.xml; path = Info.plist; sourceTree = "<group>"; };
		C3B882AC201A22520031F261 /* ITEventsTests.swift */ = {isa = PBXFileReference; lastKnownFileType = sourcecode.swift; path = ITEventsTests.swift; sourceTree = "<group>"; };
		C3B882AE201A22520031F261 /* Info.plist */ = {isa = PBXFileReference; lastKnownFileType = text.plist.xml; path = Info.plist; sourceTree = "<group>"; };
		C3B882B7201A22520031F261 /* ITEventsUITests.swift */ = {isa = PBXFileReference; lastKnownFileType = sourcecode.swift; path = ITEventsUITests.swift; sourceTree = "<group>"; };
		C3B882B9201A22520031F261 /* Info.plist */ = {isa = PBXFileReference; lastKnownFileType = text.plist.xml; path = Info.plist; sourceTree = "<group>"; };
		C3B882C6201A5D5C0031F261 /* .swiftlint.yml */ = {isa = PBXFileReference; lastKnownFileType = text; path = .swiftlint.yml; sourceTree = "<group>"; };
		C3CEBDBD201FADA9003CE306 /* EventCollectionViewCell.xib */ = {isa = PBXFileReference; lastKnownFileType = file.xib; path = EventCollectionViewCell.xib; sourceTree = "<group>"; };
		C3E792E5202E413800876D6B /* IEventsDataService.swift */ = {isa = PBXFileReference; lastKnownFileType = sourcecode.swift; path = IEventsDataService.swift; sourceTree = "<group>"; };
		C3E792E7202E416700876D6B /* EventsDataServiceMockImpl.swift */ = {isa = PBXFileReference; lastKnownFileType = sourcecode.swift; path = EventsDataServiceMockImpl.swift; sourceTree = "<group>"; };
		C3FF3CFD204457AE00C65137 /* RoundedImageView.swift */ = {isa = PBXFileReference; lastKnownFileType = sourcecode.swift; path = RoundedImageView.swift; sourceTree = "<group>"; };
/* End PBXFileReference section */

/* Begin PBXFrameworksBuildPhase section */
		C3B88291201A22510031F261 /* Frameworks */ = {
			isa = PBXFrameworksBuildPhase;
			buildActionMask = 2147483647;
			files = (
				9901D92B4C3F91783D96F1E6 /* Pods_ITEvents.framework in Frameworks */,
			);
			runOnlyForDeploymentPostprocessing = 0;
		};
		C3B882A5201A22520031F261 /* Frameworks */ = {
			isa = PBXFrameworksBuildPhase;
			buildActionMask = 2147483647;
			files = (
			);
			runOnlyForDeploymentPostprocessing = 0;
		};
		C3B882B0201A22520031F261 /* Frameworks */ = {
			isa = PBXFrameworksBuildPhase;
			buildActionMask = 2147483647;
			files = (
			);
			runOnlyForDeploymentPostprocessing = 0;
		};
/* End PBXFrameworksBuildPhase section */

/* Begin PBXGroup section */
		4B657F909494C1105F7D5DB5 /* Pods */ = {
			isa = PBXGroup;
			children = (
				09058408E21C7D56F3F1A534 /* Pods-ITEvents.debug.xcconfig */,
				0CBFD89C81FCC879B485DC5E /* Pods-ITEvents.release.xcconfig */,
			);
			name = Pods;
			sourceTree = "<group>";
		};
		C30056332055ACE600875CCD /* Extensions */ = {
			isa = PBXGroup;
			children = (
				C30056342055AD0600875CCD /* NSMutableAttributedString.swift */,
			);
			path = Extensions;
			sourceTree = "<group>";
		};
		C30056362055AD4300875CCD /* DI Container */ = {
			isa = PBXGroup;
			children = (
				C30056372055AD6600875CCD /* Swinject Storyboard.swift */,
			);
			path = "DI Container";
			sourceTree = "<group>";
		};
		C30056392055AD9100875CCD /* Utilities */ = {
			isa = PBXGroup;
			children = (
				C300563A2055ADEA00875CCD /* SharedUtils.swift */,
			);
			path = Utilities;
			sourceTree = "<group>";
		};
		C3919088201E597D00CD7151 /* Supporting files */ = {
			isa = PBXGroup;
			children = (
				C3B88297201A22520031F261 /* AppDelegate.swift */,
				C3B8829E201A22520031F261 /* Assets.xcassets */,
				C3B882A3201A22520031F261 /* Info.plist */,
			);
			path = "Supporting files";
			sourceTree = "<group>";
		};
		C3919089201E599000CD7151 /* Storyboards */ = {
			isa = PBXGroup;
			children = (
				C3B8829B201A22520031F261 /* Main.storyboard */,
				C3B882A0201A22520031F261 /* LaunchScreen.storyboard */,
			);
			path = Storyboards;
			sourceTree = "<group>";
		};
		C391908A201E59BD00CD7151 /* Model */ = {
			isa = PBXGroup;
			children = (
				C300562A2055AA6B00875CCD /* EventSource.swift */,
				C300562B2055AA6B00875CCD /* Tag.swift */,
				C30056292055AA6B00875CCD /* UserSettings.swift */,
				C391908B201E59D100CD7151 /* Event.swift */,
			);
			path = Model;
			sourceTree = "<group>";
		};
		C391908D201E5EF800CD7151 /* Shared view cells */ = {
			isa = PBXGroup;
			children = (
				C329BDFD201BC90F00F32829 /* EventCollectionViewCell.swift */,
				C3CEBDBD201FADA9003CE306 /* EventCollectionViewCell.xib */,
				C3764B72202100AA0024CFA7 /* UIGradientImageView.swift */,
				C39190B4201E6B2C00CD7151 /* IEventCollectionViewCell.swift */,
			);
			path = "Shared view cells";
			sourceTree = "<group>";
		};
		C391908E201E5F0B00CD7151 /* Favorive tab */ = {
			isa = PBXGroup;
			children = (
				C3B88299201A22520031F261 /* FavoritesViewController.swift */,
				C391908F201E604600CD7151 /* FavoritePresenter.swift */,
				C3919094201E62A800CD7151 /* IFavoriteView.swift */,
				C3919096201E62B900CD7151 /* IFavoritePresenter.swift */,
			);
			path = "Favorive tab";
			sourceTree = "<group>";
		};
		C3919091201E605E00CD7151 /* Search tab */ = {
			isa = PBXGroup;
			children = (
				C3919092201E608A00CD7151 /* SearchViewController.swift */,
				C3919098201E62C800CD7151 /* SearchPresenter.swift */,
				C391909A201E62D600CD7151 /* ISearchViewController.swift */,
				C391909C201E62E300CD7151 /* ISearchPresenter.swift */,
			);
			path = "Search tab";
			sourceTree = "<group>";
		};
		C391909F201E62FD00CD7151 /* Screens */ = {
			isa = PBXGroup;
			children = (
				C3FF3CFC2044578100C65137 /* FullEventView */,
				C39190A0201E630B00CD7151 /* Profile tab */,
				C3919091201E605E00CD7151 /* Search tab */,
				C391908E201E5F0B00CD7151 /* Favorive tab */,
			);
			path = Screens;
			sourceTree = "<group>";
		};
		C39190A0201E630B00CD7151 /* Profile tab */ = {
			isa = PBXGroup;
			children = (
				C39190A1201E632700CD7151 /* ProfileViewController.swift */,
				C39190A3201E633500CD7151 /* ProfilePresenter.swift */,
				C39190A5201E634200CD7151 /* IProfileViewController.swift */,
				C39190A7201E634F00CD7151 /* IProfilePresenter.swift */,
			);
			path = "Profile tab";
			sourceTree = "<group>";
		};
		C39190A9201E635500CD7151 /* Event view */ = {
			isa = PBXGroup;
			children = (
				C317682E203ADFB500B21A6B /* EventView.swift */,
				C317682C203ADF8500B21A6B /* EventView.xib */,
				C300560E205163A300875CCD /* EventDescriptionView.swift */,
				C3005607205163A200875CCD /* EventDescriptionView.xib */,
				C300560D205163A300875CCD /* EventInfoView.swift */,
				C3005609205163A200875CCD /* EventInfoView.xib */,
				C3005610205163A300875CCD /* EventPlaceView.swift */,
				C3005605205163A100875CCD /* EventPlaceView.xib */,
				C3005608205163A200875CCD /* EventTagsView.swift */,
				C3005606205163A100875CCD /* EventTagsView.xib */,
				C300560A205163A200875CCD /* ShowEventSourceView.swift */,
				C300560C205163A200875CCD /* ShowEventSourceView.xib */,
				C300560B205163A200875CCD /* ShowMoreEventsView.swift */,
				C300560F205163A300875CCD /* ShowMoreEventsView.xib */,
				C3FF3CFD204457AE00C65137 /* RoundedImageView.swift */,
			);
			path = "Event view";
			sourceTree = "<group>";
		};
		C3B8828B201A22510031F261 = {
			isa = PBXGroup;
			children = (
				C3B882C6201A5D5C0031F261 /* .swiftlint.yml */,
				C362DD9C204733BB00D301A6 /* Podfile */,
				C3B88296201A22520031F261 /* ITEvents */,
				C3B882AB201A22520031F261 /* ITEventsTests */,
				C3B882B6201A22520031F261 /* ITEventsUITests */,
				C3A30CAC201BDEB90041D549 /* ITEvents.app */,
				C3A30CAD201BDEB90041D549 /* ITEventsTests.xctest */,
				C3A30CAE201BDEB90041D549 /* ITEventsUITests.xctest */,
				4B657F909494C1105F7D5DB5 /* Pods */,
				E4429BA5C6238A6F3B0C2565 /* Frameworks */,
			);
			sourceTree = "<group>";
		};
		C3B88296201A22520031F261 /* ITEvents */ = {
			isa = PBXGroup;
			children = (
				C3D302E7206BB374005F5445 /* Views */,
				C30056392055AD9100875CCD /* Utilities */,
				C30056362055AD4300875CCD /* DI Container */,
				C30056332055ACE600875CCD /* Extensions */,
				C3E792E4202E411300876D6B /* Services */,
				C391909F201E62FD00CD7151 /* Screens */,
				C391908A201E59BD00CD7151 /* Model */,
				C3919088201E597D00CD7151 /* Supporting files */,
				C391908D201E5EF800CD7151 /* Shared view cells */,
				C3919089201E599000CD7151 /* Storyboards */,
			);
			path = ITEvents;
			sourceTree = "<group>";
		};
		C3B882AB201A22520031F261 /* ITEventsTests */ = {
			isa = PBXGroup;
			children = (
				C3B882AC201A22520031F261 /* ITEventsTests.swift */,
				C3B882AE201A22520031F261 /* Info.plist */,
			);
			path = ITEventsTests;
			sourceTree = "<group>";
		};
		C3B882B6201A22520031F261 /* ITEventsUITests */ = {
			isa = PBXGroup;
			children = (
				C3B882B7201A22520031F261 /* ITEventsUITests.swift */,
				C3B882B9201A22520031F261 /* Info.plist */,
			);
			path = ITEventsUITests;
			sourceTree = "<group>";
		};
		C3D302E7206BB374005F5445 /* Views */ = {
			isa = PBXGroup;
			children = (
				C39190A9201E635500CD7151 /* Event view */,
			);
			path = Views;
			sourceTree = "<group>";
		};
		C3E792E4202E411300876D6B /* Services */ = {
			isa = PBXGroup;
			children = (
				C3E792E5202E413800876D6B /* IEventsDataService.swift */,
				C3E792E7202E416700876D6B /* EventsDataServiceMockImpl.swift */,
				C362DD8A2046017400D301A6 /* IEventTagsDataService.swift */,
				C362DD8C2046022700D301A6 /* EventTagsDataServiceMockImpl.swift */,
				C362DD8E2046E4F600D301A6 /* ISimilarEventsDataService.swift */,
				C362DD942046FF4A00D301A6 /* SimilarEventsDataServiceMockImpl.swift */,
				C362DD9820472D7B00D301A6 /* IDateFormatterService.swift */,
				C362DD9A20472D9A00D301A6 /* DateFormatterService.swift */,
				C300563C2059A7C400875CCD /* ISettingsStorage.swift */,
				C34C4F81206B89FD001A61A9 /* ISelectedEventService.swift */,
				C34C4F83206B8A51001A61A9 /* SelectedEventService.swift */,
			);
			path = Services;
			sourceTree = "<group>";
		};
		C3FF3CFC2044578100C65137 /* FullEventView */ = {
			isa = PBXGroup;
			children = (
				C39190AA201E637600CD7151 /* FullEventViewController.swift */,
				C39190AC201E638700CD7151 /* FullEventPresenter.swift */,
				C39190AE201E639500CD7151 /* IFullEventViewController.swift */,
				C39190B0201E63C500CD7151 /* IFullEventPresenter.swift */,
			);
			path = FullEventView;
			sourceTree = "<group>";
		};
		E4429BA5C6238A6F3B0C2565 /* Frameworks */ = {
			isa = PBXGroup;
			children = (
				01648EDF16EDD9EC7EB9596E /* Pods_ITEvents.framework */,
			);
			name = Frameworks;
			sourceTree = "<group>";
		};
/* End PBXGroup section */

/* Begin PBXNativeTarget section */
		C3B88293201A22510031F261 /* ITEvents */ = {
			isa = PBXNativeTarget;
			buildConfigurationList = C3B882BC201A22520031F261 /* Build configuration list for PBXNativeTarget "ITEvents" */;
			buildPhases = (
				D3E47DE6BEC07F6855C17E4D /* [CP] Check Pods Manifest.lock */,
				C3B88290201A22510031F261 /* Sources */,
				C3B88291201A22510031F261 /* Frameworks */,
				C3B88292201A22510031F261 /* Resources */,
				C3B882C5201A242C0031F261 /* ShellScript */,
				463541AD3E81A627713D189A /* [CP] Embed Pods Frameworks */,
				78DBD7419FE6F9128AC0D56A /* [CP] Copy Pods Resources */,
			);
			buildRules = (
			);
			dependencies = (
			);
			name = ITEvents;
			productName = ITEvents;
			productReference = C3A30CAC201BDEB90041D549 /* ITEvents.app */;
			productType = "com.apple.product-type.application";
		};
		C3B882A7201A22520031F261 /* ITEventsTests */ = {
			isa = PBXNativeTarget;
			buildConfigurationList = C3B882BF201A22520031F261 /* Build configuration list for PBXNativeTarget "ITEventsTests" */;
			buildPhases = (
				C3B882A4201A22520031F261 /* Sources */,
				C3B882A5201A22520031F261 /* Frameworks */,
				C3B882A6201A22520031F261 /* Resources */,
			);
			buildRules = (
			);
			dependencies = (
				C3B882AA201A22520031F261 /* PBXTargetDependency */,
			);
			name = ITEventsTests;
			productName = ITEventsTests;
			productReference = C3A30CAD201BDEB90041D549 /* ITEventsTests.xctest */;
			productType = "com.apple.product-type.bundle.unit-test";
		};
		C3B882B2201A22520031F261 /* ITEventsUITests */ = {
			isa = PBXNativeTarget;
			buildConfigurationList = C3B882C2201A22520031F261 /* Build configuration list for PBXNativeTarget "ITEventsUITests" */;
			buildPhases = (
				C3B882AF201A22520031F261 /* Sources */,
				C3B882B0201A22520031F261 /* Frameworks */,
				C3B882B1201A22520031F261 /* Resources */,
			);
			buildRules = (
			);
			dependencies = (
				C3B882B5201A22520031F261 /* PBXTargetDependency */,
			);
			name = ITEventsUITests;
			productName = ITEventsUITests;
			productReference = C3A30CAE201BDEB90041D549 /* ITEventsUITests.xctest */;
			productType = "com.apple.product-type.bundle.ui-testing";
		};
/* End PBXNativeTarget section */

/* Begin PBXProject section */
		C3B8828C201A22510031F261 /* Project object */ = {
			isa = PBXProject;
			attributes = {
				LastSwiftUpdateCheck = 0920;
				LastUpgradeCheck = 0930;
				ORGANIZATIONNAME = Sofia;
				TargetAttributes = {
					C3B88293201A22510031F261 = {
						CreatedOnToolsVersion = 9.2;
						ProvisioningStyle = Automatic;
					};
					C3B882A7201A22520031F261 = {
						CreatedOnToolsVersion = 9.2;
						ProvisioningStyle = Automatic;
						TestTargetID = C3B88293201A22510031F261;
					};
					C3B882B2201A22520031F261 = {
						CreatedOnToolsVersion = 9.2;
						ProvisioningStyle = Automatic;
						TestTargetID = C3B88293201A22510031F261;
					};
				};
			};
			buildConfigurationList = C3B8828F201A22510031F261 /* Build configuration list for PBXProject "ITEvents" */;
			compatibilityVersion = "Xcode 8.0";
			developmentRegion = en;
			hasScannedForEncodings = 0;
			knownRegions = (
				en,
				Base,
			);
			mainGroup = C3B8828B201A22510031F261;
			productRefGroup = C3B8828B201A22510031F261;
			projectDirPath = "";
			projectRoot = "";
			targets = (
				C3B88293201A22510031F261 /* ITEvents */,
				C3B882A7201A22520031F261 /* ITEventsTests */,
				C3B882B2201A22520031F261 /* ITEventsUITests */,
			);
		};
/* End PBXProject section */

/* Begin PBXResourcesBuildPhase section */
		C3B88292201A22510031F261 /* Resources */ = {
			isa = PBXResourcesBuildPhase;
			buildActionMask = 2147483647;
			files = (
				C3CEBDBE201FADA9003CE306 /* EventCollectionViewCell.xib in Resources */,
				C3B882C7201A5D5C0031F261 /* .swiftlint.yml in Resources */,
				C3B882A2201A22520031F261 /* LaunchScreen.storyboard in Resources */,
				C3005618205163A300875CCD /* ShowEventSourceView.xib in Resources */,
				C3005612205163A300875CCD /* EventTagsView.xib in Resources */,
				C317682D203ADF8500B21A6B /* EventView.xib in Resources */,
				C300561B205163A300875CCD /* ShowMoreEventsView.xib in Resources */,
				C3005613205163A300875CCD /* EventDescriptionView.xib in Resources */,
				C362DD9D204733BB00D301A6 /* Podfile in Resources */,
				C3B8829F201A22520031F261 /* Assets.xcassets in Resources */,
				C3005615205163A300875CCD /* EventInfoView.xib in Resources */,
				C3005611205163A300875CCD /* EventPlaceView.xib in Resources */,
				C3B8829D201A22520031F261 /* Main.storyboard in Resources */,
			);
			runOnlyForDeploymentPostprocessing = 0;
		};
		C3B882A6201A22520031F261 /* Resources */ = {
			isa = PBXResourcesBuildPhase;
			buildActionMask = 2147483647;
			files = (
			);
			runOnlyForDeploymentPostprocessing = 0;
		};
		C3B882B1201A22520031F261 /* Resources */ = {
			isa = PBXResourcesBuildPhase;
			buildActionMask = 2147483647;
			files = (
			);
			runOnlyForDeploymentPostprocessing = 0;
		};
/* End PBXResourcesBuildPhase section */

/* Begin PBXShellScriptBuildPhase section */
		463541AD3E81A627713D189A /* [CP] Embed Pods Frameworks */ = {
			isa = PBXShellScriptBuildPhase;
			buildActionMask = 2147483647;
			files = (
			);
			inputPaths = (
				"${SRCROOT}/Pods/Target Support Files/Pods-ITEvents/Pods-ITEvents-frameworks.sh",
				"${BUILT_PRODUCTS_DIR}/DisplaySwitcher/DisplaySwitcher.framework",
				"${BUILT_PRODUCTS_DIR}/Reusable/Reusable.framework",
				"${BUILT_PRODUCTS_DIR}/Swinject/Swinject.framework",
				"${BUILT_PRODUCTS_DIR}/SwinjectStoryboard/SwinjectStoryboard.framework",
				"${BUILT_PRODUCTS_DIR}/TagListView/TagListView.framework",
			);
			name = "[CP] Embed Pods Frameworks";
			outputPaths = (
				"${TARGET_BUILD_DIR}/${FRAMEWORKS_FOLDER_PATH}/DisplaySwitcher.framework",
				"${TARGET_BUILD_DIR}/${FRAMEWORKS_FOLDER_PATH}/Reusable.framework",
				"${TARGET_BUILD_DIR}/${FRAMEWORKS_FOLDER_PATH}/Swinject.framework",
				"${TARGET_BUILD_DIR}/${FRAMEWORKS_FOLDER_PATH}/SwinjectStoryboard.framework",
				"${TARGET_BUILD_DIR}/${FRAMEWORKS_FOLDER_PATH}/TagListView.framework",
			);
			runOnlyForDeploymentPostprocessing = 0;
			shellPath = /bin/sh;
			shellScript = "\"${SRCROOT}/Pods/Target Support Files/Pods-ITEvents/Pods-ITEvents-frameworks.sh\"\n";
			showEnvVarsInLog = 0;
		};
		78DBD7419FE6F9128AC0D56A /* [CP] Copy Pods Resources */ = {
			isa = PBXShellScriptBuildPhase;
			buildActionMask = 2147483647;
			files = (
			);
			inputPaths = (
			);
			name = "[CP] Copy Pods Resources";
			outputPaths = (
			);
			runOnlyForDeploymentPostprocessing = 0;
			shellPath = /bin/sh;
			shellScript = "\"${SRCROOT}/Pods/Target Support Files/Pods-ITEvents/Pods-ITEvents-resources.sh\"\n";
			showEnvVarsInLog = 0;
		};
		C3B882C5201A242C0031F261 /* ShellScript */ = {
			isa = PBXShellScriptBuildPhase;
			buildActionMask = 2147483647;
			files = (
			);
			inputPaths = (
			);
			outputPaths = (
			);
			runOnlyForDeploymentPostprocessing = 0;
			shellPath = /bin/sh;
			shellScript = "if which swiftlint >/dev/null; then\nswiftlint\nelse\necho \"warning: SwiftLint not installed, download from https://github.com/realm/SwiftLint\"\nfi";
		};
		D3E47DE6BEC07F6855C17E4D /* [CP] Check Pods Manifest.lock */ = {
			isa = PBXShellScriptBuildPhase;
			buildActionMask = 2147483647;
			files = (
			);
			inputPaths = (
				"${PODS_PODFILE_DIR_PATH}/Podfile.lock",
				"${PODS_ROOT}/Manifest.lock",
			);
			name = "[CP] Check Pods Manifest.lock";
			outputPaths = (
				"$(DERIVED_FILE_DIR)/Pods-ITEvents-checkManifestLockResult.txt",
			);
			runOnlyForDeploymentPostprocessing = 0;
			shellPath = /bin/sh;
			shellScript = "diff \"${PODS_PODFILE_DIR_PATH}/Podfile.lock\" \"${PODS_ROOT}/Manifest.lock\" > /dev/null\nif [ $? != 0 ] ; then\n    # print error to STDERR\n    echo \"error: The sandbox is not in sync with the Podfile.lock. Run 'pod install' or update your CocoaPods installation.\" >&2\n    exit 1\nfi\n# This output is used by Xcode 'outputs' to avoid re-running this script phase.\necho \"SUCCESS\" > \"${SCRIPT_OUTPUT_FILE_0}\"\n";
			showEnvVarsInLog = 0;
		};
/* End PBXShellScriptBuildPhase section */

/* Begin PBXSourcesBuildPhase section */
		C3B88290201A22510031F261 /* Sources */ = {
			isa = PBXSourcesBuildPhase;
			buildActionMask = 2147483647;
			files = (
				C300563F2059A7C400875CCD /* ISettingsStorage.swift in Sources */,
				C391909B201E62D600CD7151 /* ISearchViewController.swift in Sources */,
				C3005614205163A300875CCD /* EventTagsView.swift in Sources */,
				C3919093201E608A00CD7151 /* SearchViewController.swift in Sources */,
				C391908C201E59D100CD7151 /* Event.swift in Sources */,
				C39190B5201E6B2C00CD7151 /* IEventCollectionViewCell.swift in Sources */,
				C300561C205163A300875CCD /* EventPlaceView.swift in Sources */,
				C300563B2055ADEA00875CCD /* SharedUtils.swift in Sources */,
				C34C4F82206B89FD001A61A9 /* ISelectedEventService.swift in Sources */,
				C39190AD201E638700CD7151 /* FullEventPresenter.swift in Sources */,
				C3919099201E62C800CD7151 /* SearchPresenter.swift in Sources */,
				C3919095201E62A800CD7151 /* IFavoriteView.swift in Sources */,
				C3B8829A201A22520031F261 /* FavoritesViewController.swift in Sources */,
				C300562D2055AA6B00875CCD /* EventSource.swift in Sources */,
				C3E792E6202E413800876D6B /* IEventsDataService.swift in Sources */,
				C362DD8B2046017400D301A6 /* IEventTagsDataService.swift in Sources */,
				C300562C2055AA6B00875CCD /* UserSettings.swift in Sources */,
				C39190A2201E632700CD7151 /* ProfileViewController.swift in Sources */,
				C362DD8D2046022700D301A6 /* EventTagsDataServiceMockImpl.swift in Sources */,
				C3919097201E62B900CD7151 /* IFavoritePresenter.swift in Sources */,
				C362DD8F2046E4F600D301A6 /* ISimilarEventsDataService.swift in Sources */,
				C362DD9920472D7B00D301A6 /* IDateFormatterService.swift in Sources */,
				C3919090201E604600CD7151 /* FavoritePresenter.swift in Sources */,
				C39190A8201E634F00CD7151 /* IProfilePresenter.swift in Sources */,
				C39190B1201E63C500CD7151 /* IFullEventPresenter.swift in Sources */,
				C329BDFE201BC90F00F32829 /* EventCollectionViewCell.swift in Sources */,
				C300562E2055AA6B00875CCD /* Tag.swift in Sources */,
				C34C4F84206B8A51001A61A9 /* SelectedEventService.swift in Sources */,
				C3005619205163A300875CCD /* EventInfoView.swift in Sources */,
				C317682F203ADFB500B21A6B /* EventView.swift in Sources */,
				C3E792E8202E416700876D6B /* EventsDataServiceMockImpl.swift in Sources */,
				C300561A205163A300875CCD /* EventDescriptionView.swift in Sources */,
				C362DD9B20472D9A00D301A6 /* DateFormatterService.swift in Sources */,
				C39190AF201E639500CD7151 /* IFullEventViewController.swift in Sources */,
				C30056352055AD0600875CCD /* NSMutableAttributedString.swift in Sources */,
				C362DD952046FF4A00D301A6 /* SimilarEventsDataServiceMockImpl.swift in Sources */,
				C30056382055AD6600875CCD /* Swinject Storyboard.swift in Sources */,
				C3005616205163A300875CCD /* ShowEventSourceView.swift in Sources */,
				C3764B73202100AA0024CFA7 /* UIGradientImageView.swift in Sources */,
				C391909D201E62E300CD7151 /* ISearchPresenter.swift in Sources */,
				C39190AB201E637600CD7151 /* FullEventViewController.swift in Sources */,
				C3005617205163A300875CCD /* ShowMoreEventsView.swift in Sources */,
				C3B88298201A22520031F261 /* AppDelegate.swift in Sources */,
				C39190A6201E634200CD7151 /* IProfileViewController.swift in Sources */,
				C39190A4201E633500CD7151 /* ProfilePresenter.swift in Sources */,
				C3FF3CFE204457AE00C65137 /* RoundedImageView.swift in Sources */,
			);
			runOnlyForDeploymentPostprocessing = 0;
		};
		C3B882A4201A22520031F261 /* Sources */ = {
			isa = PBXSourcesBuildPhase;
			buildActionMask = 2147483647;
			files = (
				C3B882AD201A22520031F261 /* ITEventsTests.swift in Sources */,
			);
			runOnlyForDeploymentPostprocessing = 0;
		};
		C3B882AF201A22520031F261 /* Sources */ = {
			isa = PBXSourcesBuildPhase;
			buildActionMask = 2147483647;
			files = (
				C3B882B8201A22520031F261 /* ITEventsUITests.swift in Sources */,
			);
			runOnlyForDeploymentPostprocessing = 0;
		};
/* End PBXSourcesBuildPhase section */

/* Begin PBXTargetDependency section */
		C3B882AA201A22520031F261 /* PBXTargetDependency */ = {
			isa = PBXTargetDependency;
			target = C3B88293201A22510031F261 /* ITEvents */;
			targetProxy = C3B882A9201A22520031F261 /* PBXContainerItemProxy */;
		};
		C3B882B5201A22520031F261 /* PBXTargetDependency */ = {
			isa = PBXTargetDependency;
			target = C3B88293201A22510031F261 /* ITEvents */;
			targetProxy = C3B882B4201A22520031F261 /* PBXContainerItemProxy */;
		};
/* End PBXTargetDependency section */

/* Begin PBXVariantGroup section */
		C3B8829B201A22520031F261 /* Main.storyboard */ = {
			isa = PBXVariantGroup;
			children = (
				C3B8829C201A22520031F261 /* Base */,
			);
			name = Main.storyboard;
			sourceTree = "<group>";
		};
		C3B882A0201A22520031F261 /* LaunchScreen.storyboard */ = {
			isa = PBXVariantGroup;
			children = (
				C3B882A1201A22520031F261 /* Base */,
			);
			name = LaunchScreen.storyboard;
			sourceTree = "<group>";
		};
/* End PBXVariantGroup section */

/* Begin XCBuildConfiguration section */
		C3B882BA201A22520031F261 /* Debug */ = {
			isa = XCBuildConfiguration;
			buildSettings = {
				ALWAYS_SEARCH_USER_PATHS = NO;
				CLANG_ANALYZER_NONNULL = YES;
				CLANG_ANALYZER_NUMBER_OBJECT_CONVERSION = YES_AGGRESSIVE;
				CLANG_CXX_LANGUAGE_STANDARD = "gnu++14";
				CLANG_CXX_LIBRARY = "libc++";
				CLANG_ENABLE_MODULES = YES;
				CLANG_ENABLE_OBJC_ARC = YES;
				CLANG_WARN_BLOCK_CAPTURE_AUTORELEASING = YES;
				CLANG_WARN_BOOL_CONVERSION = YES;
				CLANG_WARN_COMMA = YES;
				CLANG_WARN_CONSTANT_CONVERSION = YES;
				CLANG_WARN_DEPRECATED_OBJC_IMPLEMENTATIONS = YES;
				CLANG_WARN_DIRECT_OBJC_ISA_USAGE = YES_ERROR;
				CLANG_WARN_DOCUMENTATION_COMMENTS = YES;
				CLANG_WARN_EMPTY_BODY = YES;
				CLANG_WARN_ENUM_CONVERSION = YES;
				CLANG_WARN_INFINITE_RECURSION = YES;
				CLANG_WARN_INT_CONVERSION = YES;
				CLANG_WARN_NON_LITERAL_NULL_CONVERSION = YES;
				CLANG_WARN_OBJC_IMPLICIT_RETAIN_SELF = YES;
				CLANG_WARN_OBJC_LITERAL_CONVERSION = YES;
				CLANG_WARN_OBJC_ROOT_CLASS = YES_ERROR;
				CLANG_WARN_RANGE_LOOP_ANALYSIS = YES;
				CLANG_WARN_STRICT_PROTOTYPES = YES;
				CLANG_WARN_SUSPICIOUS_MOVE = YES;
				CLANG_WARN_UNGUARDED_AVAILABILITY = YES_AGGRESSIVE;
				CLANG_WARN_UNREACHABLE_CODE = YES;
				CLANG_WARN__DUPLICATE_METHOD_MATCH = YES;
				CODE_SIGN_IDENTITY = "iPhone Developer";
				COPY_PHASE_STRIP = NO;
				DEBUG_INFORMATION_FORMAT = dwarf;
				ENABLE_STRICT_OBJC_MSGSEND = YES;
				ENABLE_TESTABILITY = YES;
				GCC_C_LANGUAGE_STANDARD = gnu11;
				GCC_DYNAMIC_NO_PIC = NO;
				GCC_NO_COMMON_BLOCKS = YES;
				GCC_OPTIMIZATION_LEVEL = 0;
				GCC_PREPROCESSOR_DEFINITIONS = (
					"DEBUG=1",
					"$(inherited)",
				);
				GCC_WARN_64_TO_32_BIT_CONVERSION = YES;
				GCC_WARN_ABOUT_RETURN_TYPE = YES_ERROR;
				GCC_WARN_UNDECLARED_SELECTOR = YES;
				GCC_WARN_UNINITIALIZED_AUTOS = YES_AGGRESSIVE;
				GCC_WARN_UNUSED_FUNCTION = YES;
				GCC_WARN_UNUSED_VARIABLE = YES;
				IPHONEOS_DEPLOYMENT_TARGET = 11.2;
				MTL_ENABLE_DEBUG_INFO = YES;
				ONLY_ACTIVE_ARCH = YES;
				SDKROOT = iphoneos;
				SWIFT_ACTIVE_COMPILATION_CONDITIONS = DEBUG;
				SWIFT_OPTIMIZATION_LEVEL = "-Onone";
			};
			name = Debug;
		};
		C3B882BB201A22520031F261 /* Release */ = {
			isa = XCBuildConfiguration;
			buildSettings = {
				ALWAYS_SEARCH_USER_PATHS = NO;
				CLANG_ANALYZER_NONNULL = YES;
				CLANG_ANALYZER_NUMBER_OBJECT_CONVERSION = YES_AGGRESSIVE;
				CLANG_CXX_LANGUAGE_STANDARD = "gnu++14";
				CLANG_CXX_LIBRARY = "libc++";
				CLANG_ENABLE_MODULES = YES;
				CLANG_ENABLE_OBJC_ARC = YES;
				CLANG_WARN_BLOCK_CAPTURE_AUTORELEASING = YES;
				CLANG_WARN_BOOL_CONVERSION = YES;
				CLANG_WARN_COMMA = YES;
				CLANG_WARN_CONSTANT_CONVERSION = YES;
				CLANG_WARN_DEPRECATED_OBJC_IMPLEMENTATIONS = YES;
				CLANG_WARN_DIRECT_OBJC_ISA_USAGE = YES_ERROR;
				CLANG_WARN_DOCUMENTATION_COMMENTS = YES;
				CLANG_WARN_EMPTY_BODY = YES;
				CLANG_WARN_ENUM_CONVERSION = YES;
				CLANG_WARN_INFINITE_RECURSION = YES;
				CLANG_WARN_INT_CONVERSION = YES;
				CLANG_WARN_NON_LITERAL_NULL_CONVERSION = YES;
				CLANG_WARN_OBJC_IMPLICIT_RETAIN_SELF = YES;
				CLANG_WARN_OBJC_LITERAL_CONVERSION = YES;
				CLANG_WARN_OBJC_ROOT_CLASS = YES_ERROR;
				CLANG_WARN_RANGE_LOOP_ANALYSIS = YES;
				CLANG_WARN_STRICT_PROTOTYPES = YES;
				CLANG_WARN_SUSPICIOUS_MOVE = YES;
				CLANG_WARN_UNGUARDED_AVAILABILITY = YES_AGGRESSIVE;
				CLANG_WARN_UNREACHABLE_CODE = YES;
				CLANG_WARN__DUPLICATE_METHOD_MATCH = YES;
				CODE_SIGN_IDENTITY = "iPhone Developer";
				COPY_PHASE_STRIP = NO;
				DEBUG_INFORMATION_FORMAT = "dwarf-with-dsym";
				ENABLE_NS_ASSERTIONS = NO;
				ENABLE_STRICT_OBJC_MSGSEND = YES;
				GCC_C_LANGUAGE_STANDARD = gnu11;
				GCC_NO_COMMON_BLOCKS = YES;
				GCC_WARN_64_TO_32_BIT_CONVERSION = YES;
				GCC_WARN_ABOUT_RETURN_TYPE = YES_ERROR;
				GCC_WARN_UNDECLARED_SELECTOR = YES;
				GCC_WARN_UNINITIALIZED_AUTOS = YES_AGGRESSIVE;
				GCC_WARN_UNUSED_FUNCTION = YES;
				GCC_WARN_UNUSED_VARIABLE = YES;
				IPHONEOS_DEPLOYMENT_TARGET = 11.2;
				MTL_ENABLE_DEBUG_INFO = NO;
				SDKROOT = iphoneos;
				SWIFT_OPTIMIZATION_LEVEL = "-Owholemodule";
				VALIDATE_PRODUCT = YES;
			};
			name = Release;
		};
		C3B882BD201A22520031F261 /* Debug */ = {
			isa = XCBuildConfiguration;
			baseConfigurationReference = 09058408E21C7D56F3F1A534 /* Pods-ITEvents.debug.xcconfig */;
			buildSettings = {
				ASSETCATALOG_COMPILER_APPICON_NAME = AppIcon;
				CODE_SIGN_STYLE = Automatic;
				DEVELOPMENT_TEAM = 7U8A899S5N;
				INFOPLIST_FILE = "$(SRCROOT)/ITEvents/Supporting files/Info.plist";
				LD_RUNPATH_SEARCH_PATHS = "$(inherited) @executable_path/Frameworks";
				PRODUCT_BUNDLE_IDENTIFIER = com.example.SonyaTest.ITEvents;
				PRODUCT_NAME = "$(TARGET_NAME)";
				SWIFT_VERSION = 4.0;
				TARGETED_DEVICE_FAMILY = "1,2";
			};
			name = Debug;
		};
		C3B882BE201A22520031F261 /* Release */ = {
			isa = XCBuildConfiguration;
			baseConfigurationReference = 0CBFD89C81FCC879B485DC5E /* Pods-ITEvents.release.xcconfig */;
			buildSettings = {
				ASSETCATALOG_COMPILER_APPICON_NAME = AppIcon;
				CODE_SIGN_STYLE = Automatic;
				DEVELOPMENT_TEAM = 7U8A899S5N;
				INFOPLIST_FILE = "$(SRCROOT)/ITEvents/Supporting files/Info.plist";
				LD_RUNPATH_SEARCH_PATHS = "$(inherited) @executable_path/Frameworks";
				PRODUCT_BUNDLE_IDENTIFIER = com.example.SonyaTest.ITEvents;
				PRODUCT_NAME = "$(TARGET_NAME)";
				SWIFT_VERSION = 4.0;
				TARGETED_DEVICE_FAMILY = "1,2";
			};
			name = Release;
		};
		C3B882C0201A22520031F261 /* Debug */ = {
			isa = XCBuildConfiguration;
			buildSettings = {
				ALWAYS_EMBED_SWIFT_STANDARD_LIBRARIES = YES;
				BUNDLE_LOADER = "$(TEST_HOST)";
				CODE_SIGN_STYLE = Automatic;
				DEVELOPMENT_TEAM = 7U8A899S5N;
				INFOPLIST_FILE = ITEventsTests/Info.plist;
				LD_RUNPATH_SEARCH_PATHS = "$(inherited) @executable_path/Frameworks @loader_path/Frameworks";
				PRODUCT_BUNDLE_IDENTIFIER = com.example.SonyaTest.ITEventsTests;
				PRODUCT_NAME = "$(TARGET_NAME)";
				SWIFT_VERSION = 4.0;
				TARGETED_DEVICE_FAMILY = "1,2";
				TEST_HOST = "$(BUILT_PRODUCTS_DIR)/ITEvents.app/ITEvents";
			};
			name = Debug;
		};
		C3B882C1201A22520031F261 /* Release */ = {
			isa = XCBuildConfiguration;
			buildSettings = {
				ALWAYS_EMBED_SWIFT_STANDARD_LIBRARIES = YES;
				BUNDLE_LOADER = "$(TEST_HOST)";
				CODE_SIGN_STYLE = Automatic;
				DEVELOPMENT_TEAM = 7U8A899S5N;
				INFOPLIST_FILE = ITEventsTests/Info.plist;
				LD_RUNPATH_SEARCH_PATHS = "$(inherited) @executable_path/Frameworks @loader_path/Frameworks";
				PRODUCT_BUNDLE_IDENTIFIER = com.example.SonyaTest.ITEventsTests;
				PRODUCT_NAME = "$(TARGET_NAME)";
				SWIFT_VERSION = 4.0;
				TARGETED_DEVICE_FAMILY = "1,2";
				TEST_HOST = "$(BUILT_PRODUCTS_DIR)/ITEvents.app/ITEvents";
			};
			name = Release;
		};
		C3B882C3201A22520031F261 /* Debug */ = {
			isa = XCBuildConfiguration;
			buildSettings = {
				ALWAYS_EMBED_SWIFT_STANDARD_LIBRARIES = YES;
				CODE_SIGN_STYLE = Automatic;
				DEVELOPMENT_TEAM = 7U8A899S5N;
				INFOPLIST_FILE = ITEventsUITests/Info.plist;
				LD_RUNPATH_SEARCH_PATHS = "$(inherited) @executable_path/Frameworks @loader_path/Frameworks";
				PRODUCT_BUNDLE_IDENTIFIER = com.example.SonyaTest.ITEventsUITests;
				PRODUCT_NAME = "$(TARGET_NAME)";
				SWIFT_VERSION = 4.0;
				TARGETED_DEVICE_FAMILY = "1,2";
				TEST_TARGET_NAME = ITEvents;
			};
			name = Debug;
		};
		C3B882C4201A22520031F261 /* Release */ = {
			isa = XCBuildConfiguration;
			buildSettings = {
				ALWAYS_EMBED_SWIFT_STANDARD_LIBRARIES = YES;
				CODE_SIGN_STYLE = Automatic;
				DEVELOPMENT_TEAM = 7U8A899S5N;
				INFOPLIST_FILE = ITEventsUITests/Info.plist;
				LD_RUNPATH_SEARCH_PATHS = "$(inherited) @executable_path/Frameworks @loader_path/Frameworks";
				PRODUCT_BUNDLE_IDENTIFIER = com.example.SonyaTest.ITEventsUITests;
				PRODUCT_NAME = "$(TARGET_NAME)";
				SWIFT_VERSION = 4.0;
				TARGETED_DEVICE_FAMILY = "1,2";
				TEST_TARGET_NAME = ITEvents;
			};
			name = Release;
		};
/* End XCBuildConfiguration section */

/* Begin XCConfigurationList section */
		C3B8828F201A22510031F261 /* Build configuration list for PBXProject "ITEvents" */ = {
			isa = XCConfigurationList;
			buildConfigurations = (
				C3B882BA201A22520031F261 /* Debug */,
				C3B882BB201A22520031F261 /* Release */,
			);
			defaultConfigurationIsVisible = 0;
			defaultConfigurationName = Release;
		};
		C3B882BC201A22520031F261 /* Build configuration list for PBXNativeTarget "ITEvents" */ = {
			isa = XCConfigurationList;
			buildConfigurations = (
				C3B882BD201A22520031F261 /* Debug */,
				C3B882BE201A22520031F261 /* Release */,
			);
			defaultConfigurationIsVisible = 0;
			defaultConfigurationName = Release;
		};
		C3B882BF201A22520031F261 /* Build configuration list for PBXNativeTarget "ITEventsTests" */ = {
			isa = XCConfigurationList;
			buildConfigurations = (
				C3B882C0201A22520031F261 /* Debug */,
				C3B882C1201A22520031F261 /* Release */,
			);
			defaultConfigurationIsVisible = 0;
			defaultConfigurationName = Release;
		};
		C3B882C2201A22520031F261 /* Build configuration list for PBXNativeTarget "ITEventsUITests" */ = {
			isa = XCConfigurationList;
			buildConfigurations = (
				C3B882C3201A22520031F261 /* Debug */,
				C3B882C4201A22520031F261 /* Release */,
			);
			defaultConfigurationIsVisible = 0;
			defaultConfigurationName = Release;
		};
/* End XCConfigurationList section */
	};
	rootObject = C3B8828C201A22510031F261 /* Project object */;
}
